// !$*UTF8*$!
{
	archiveVersion = 1;
	classes = {
	};
	objectVersion = 50;
	objects = {

/* Begin PBXBuildFile section */
		BB0A3EC2266111990039F510 /* stoney_point.json in Resources */ = {isa = PBXBuildFile; fileRef = BB0A3EC1266111990039F510 /* stoney_point.json */; };
		BB0A3EC92661166E0039F510 /* SplashScreen.swift in Sources */ = {isa = PBXBuildFile; fileRef = BB0A3EC82661166E0039F510 /* SplashScreen.swift */; };
		BB0A3ECE2661182F0039F510 /* stoney_point.jpg in Resources */ = {isa = PBXBuildFile; fileRef = BB0A3ECD2661182F0039F510 /* stoney_point.jpg */; };
		BB0A3EDE2661D96D0039F510 /* horse_flats.json in Resources */ = {isa = PBXBuildFile; fileRef = BB0A3EDD2661D96D0039F510 /* horse_flats.json */; };
		BB495526266586A200E20571 /* AreaViewModel.swift in Sources */ = {isa = PBXBuildFile; fileRef = BB495525266586A200E20571 /* AreaViewModel.swift */; };
		BB8FDD3A26641C1300275F3B /* ImageProvider.swift in Sources */ = {isa = PBXBuildFile; fileRef = BB8FDD3926641C1300275F3B /* ImageProvider.swift */; };
		BB8FDD3F26642BC800275F3B /* ImageProviderTest.swift in Sources */ = {isa = PBXBuildFile; fileRef = BB8FDD3E26642BC800275F3B /* ImageProviderTest.swift */; };
		BB8FDD44266431E800275F3B /* AsyncImage.swift in Sources */ = {isa = PBXBuildFile; fileRef = BB8FDD43266431E800275F3B /* AsyncImage.swift */; };
		BB92DE66265C7ABA002897C3 /* BoulderingGuideApp.swift in Sources */ = {isa = PBXBuildFile; fileRef = BB92DE65265C7ABA002897C3 /* BoulderingGuideApp.swift */; };
		BB92DE68265C7ABA002897C3 /* ContentView.swift in Sources */ = {isa = PBXBuildFile; fileRef = BB92DE67265C7ABA002897C3 /* ContentView.swift */; };
		BB92DE6A265C7ABD002897C3 /* Assets.xcassets in Resources */ = {isa = PBXBuildFile; fileRef = BB92DE69265C7ABD002897C3 /* Assets.xcassets */; };
		BB92DE6D265C7ABD002897C3 /* Preview Assets.xcassets in Resources */ = {isa = PBXBuildFile; fileRef = BB92DE6C265C7ABD002897C3 /* Preview Assets.xcassets */; };
		BB92DE83265C7ABD002897C3 /* BoulderingGuideUITests.swift in Sources */ = {isa = PBXBuildFile; fileRef = BB92DE82265C7ABD002897C3 /* BoulderingGuideUITests.swift */; };
		BB92DE94265C7B4D002897C3 /* RouteTest.swift in Sources */ = {isa = PBXBuildFile; fileRef = BB92DE93265C7B4D002897C3 /* RouteTest.swift */; };
		BB92DEB9265C7C8E002897C3 /* ClusterTest.swift in Sources */ = {isa = PBXBuildFile; fileRef = BB92DEB6265C7C8E002897C3 /* ClusterTest.swift */; };
		BB92DEBA265C7C8E002897C3 /* AreaTest.swift in Sources */ = {isa = PBXBuildFile; fileRef = BB92DEB7265C7C8E002897C3 /* AreaTest.swift */; };
		BB92DEE2265C805A002897C3 /* AreasPage.swift in Sources */ = {isa = PBXBuildFile; fileRef = BB92DED2265C7FCF002897C3 /* AreasPage.swift */; };
		BB92DEE6265C805D002897C3 /* TabPage.swift in Sources */ = {isa = PBXBuildFile; fileRef = BB92DEDA265C802D002897C3 /* TabPage.swift */; };
		BB92DEF0265C8072002897C3 /* Area.swift in Sources */ = {isa = PBXBuildFile; fileRef = BB92DEA8265C7BEA002897C3 /* Area.swift */; };
		BB92DEF4265C8075002897C3 /* Areas.swift in Sources */ = {isa = PBXBuildFile; fileRef = BB92DEA9265C7BEA002897C3 /* Areas.swift */; };
		BB92DEF8265C8077002897C3 /* Boulder.swift in Sources */ = {isa = PBXBuildFile; fileRef = BB92DEA7265C7BEA002897C3 /* Boulder.swift */; };
		BB92DEFC265C807A002897C3 /* Cluster.swift in Sources */ = {isa = PBXBuildFile; fileRef = BB92DEAA265C7BEA002897C3 /* Cluster.swift */; };
		BB92DF00265C807C002897C3 /* Route.swift in Sources */ = {isa = PBXBuildFile; fileRef = BB92DE9F265C7BB1002897C3 /* Route.swift */; };
		BB92DF14265C80B1002897C3 /* AreaMapPage.swift in Sources */ = {isa = PBXBuildFile; fileRef = BB92DF13265C80B1002897C3 /* AreaMapPage.swift */; };
		BB92DF19265C80D1002897C3 /* AreaMapView.swift in Sources */ = {isa = PBXBuildFile; fileRef = BB92DF18265C80D1002897C3 /* AreaMapView.swift */; };
		BB92DF1E265C80EC002897C3 /* ClusterPage.swift in Sources */ = {isa = PBXBuildFile; fileRef = BB92DF1D265C80EC002897C3 /* ClusterPage.swift */; };
		BB92DF23265C8105002897C3 /* BoulderPage.swift in Sources */ = {isa = PBXBuildFile; fileRef = BB92DF22265C8105002897C3 /* BoulderPage.swift */; };
		BB92DF2B265C8134002897C3 /* NavigationPage.swift in Sources */ = {isa = PBXBuildFile; fileRef = BB92DF2A265C8134002897C3 /* NavigationPage.swift */; };
		BB92DF33265C8154002897C3 /* NavigationMapView.swift in Sources */ = {isa = PBXBuildFile; fileRef = BB92DF32265C8153002897C3 /* NavigationMapView.swift */; };
		BB92DF3B265C8172002897C3 /* RoutePage.swift in Sources */ = {isa = PBXBuildFile; fileRef = BB92DF3A265C8172002897C3 /* RoutePage.swift */; };
		BB92DF40265C8193002897C3 /* ListItemView.swift in Sources */ = {isa = PBXBuildFile; fileRef = BB92DF3F265C8193002897C3 /* ListItemView.swift */; };
		BB92DF48265C81BE002897C3 /* ListItem.swift in Sources */ = {isa = PBXBuildFile; fileRef = BB92DF47265C81BE002897C3 /* ListItem.swift */; };
		BB92DF50265C81E4002897C3 /* RoutesPage.swift in Sources */ = {isa = PBXBuildFile; fileRef = BB92DF4F265C81E4002897C3 /* RoutesPage.swift */; };
		BBB2FE2A2667B51700FF60FA /* UrlBuilder.swift in Sources */ = {isa = PBXBuildFile; fileRef = BBB2FE292667B51700FF60FA /* UrlBuilder.swift */; };
		BBC818C82688B49D00AB9F59 /* ProgressViewModel.swift in Sources */ = {isa = PBXBuildFile; fileRef = BBC818C72688B49D00AB9F59 /* ProgressViewModel.swift */; };
		BBF24654267E8FCE00FFDB9A /* PrefsPage.swift in Sources */ = {isa = PBXBuildFile; fileRef = BBF24653267E8FCE00FFDB9A /* PrefsPage.swift */; };
		BBF24659267ED43900FFDB9A /* UserPrefs.swift in Sources */ = {isa = PBXBuildFile; fileRef = BBF24658267ED43900FFDB9A /* UserPrefs.swift */; };
		BBF246652684AD6600FFDB9A /* ProgressDialog.swift in Sources */ = {isa = PBXBuildFile; fileRef = BBF246642684AD6600FFDB9A /* ProgressDialog.swift */; };
		BBF2466D26878B0200FFDB9A /* ImageDownloaderTest.swift in Sources */ = {isa = PBXBuildFile; fileRef = BBF2466C26878B0200FFDB9A /* ImageDownloaderTest.swift */; };
		BBF2467226878C3200FFDB9A /* ImageDowloader.swift in Sources */ = {isa = PBXBuildFile; fileRef = BBF2467126878C3200FFDB9A /* ImageDowloader.swift */; };
		BBFAB9F1266D452D009A261E /* mt_rubidoux.json in Resources */ = {isa = PBXBuildFile; fileRef = BBFAB9F0266D452D009A261E /* mt_rubidoux.json */; };
		BBFABAAA267699B4009A261E /* ImageCache.swift in Sources */ = {isa = PBXBuildFile; fileRef = BBFABAA9267699B4009A261E /* ImageCache.swift */; };
		BBFABAAF2676A431009A261E /* Environment.swift in Sources */ = {isa = PBXBuildFile; fileRef = BBFABAAE2676A431009A261E /* Environment.swift */; };
		BBFABAD6267E773C009A261E /* ImageFileTest.swift in Sources */ = {isa = PBXBuildFile; fileRef = BBFABAD5267E773C009A261E /* ImageFileTest.swift */; };
		BBFABAE2267E7FDE009A261E /* ImageFile.swift in Sources */ = {isa = PBXBuildFile; fileRef = BBFABADA267E7FBC009A261E /* ImageFile.swift */; };
/* End PBXBuildFile section */

/* Begin PBXContainerItemProxy section */
		BB92DE74265C7ABD002897C3 /* PBXContainerItemProxy */ = {
			isa = PBXContainerItemProxy;
			containerPortal = BB92DE5A265C7ABA002897C3 /* Project object */;
			proxyType = 1;
			remoteGlobalIDString = BB92DE61265C7ABA002897C3;
			remoteInfo = BoulderingGuide;
		};
		BB92DE7F265C7ABD002897C3 /* PBXContainerItemProxy */ = {
			isa = PBXContainerItemProxy;
			containerPortal = BB92DE5A265C7ABA002897C3 /* Project object */;
			proxyType = 1;
			remoteGlobalIDString = BB92DE61265C7ABA002897C3;
			remoteInfo = BoulderingGuide;
		};
/* End PBXContainerItemProxy section */

/* Begin PBXFileReference section */
		BB0A3EC1266111990039F510 /* stoney_point.json */ = {isa = PBXFileReference; fileEncoding = 4; lastKnownFileType = text.json; path = stoney_point.json; sourceTree = "<group>"; };
		BB0A3EC82661166E0039F510 /* SplashScreen.swift */ = {isa = PBXFileReference; lastKnownFileType = sourcecode.swift; path = SplashScreen.swift; sourceTree = "<group>"; };
		BB0A3ECD2661182F0039F510 /* stoney_point.jpg */ = {isa = PBXFileReference; lastKnownFileType = image.jpeg; path = stoney_point.jpg; sourceTree = "<group>"; };
		BB0A3EDD2661D96D0039F510 /* horse_flats.json */ = {isa = PBXFileReference; fileEncoding = 4; lastKnownFileType = text.json; path = horse_flats.json; sourceTree = "<group>"; };
		BB495525266586A200E20571 /* AreaViewModel.swift */ = {isa = PBXFileReference; lastKnownFileType = sourcecode.swift; path = AreaViewModel.swift; sourceTree = "<group>"; };
		BB8FDD3926641C1300275F3B /* ImageProvider.swift */ = {isa = PBXFileReference; lastKnownFileType = sourcecode.swift; path = ImageProvider.swift; sourceTree = "<group>"; };
		BB8FDD3E26642BC800275F3B /* ImageProviderTest.swift */ = {isa = PBXFileReference; lastKnownFileType = sourcecode.swift; path = ImageProviderTest.swift; sourceTree = "<group>"; };
		BB8FDD43266431E800275F3B /* AsyncImage.swift */ = {isa = PBXFileReference; lastKnownFileType = sourcecode.swift; path = AsyncImage.swift; sourceTree = "<group>"; };
		BB92DE62265C7ABA002897C3 /* BoulderingGuide.app */ = {isa = PBXFileReference; explicitFileType = wrapper.application; includeInIndex = 0; path = BoulderingGuide.app; sourceTree = BUILT_PRODUCTS_DIR; };
		BB92DE65265C7ABA002897C3 /* BoulderingGuideApp.swift */ = {isa = PBXFileReference; lastKnownFileType = sourcecode.swift; path = BoulderingGuideApp.swift; sourceTree = "<group>"; };
		BB92DE67265C7ABA002897C3 /* ContentView.swift */ = {isa = PBXFileReference; lastKnownFileType = sourcecode.swift; path = ContentView.swift; sourceTree = "<group>"; };
		BB92DE69265C7ABD002897C3 /* Assets.xcassets */ = {isa = PBXFileReference; lastKnownFileType = folder.assetcatalog; path = Assets.xcassets; sourceTree = "<group>"; };
		BB92DE6C265C7ABD002897C3 /* Preview Assets.xcassets */ = {isa = PBXFileReference; lastKnownFileType = folder.assetcatalog; path = "Preview Assets.xcassets"; sourceTree = "<group>"; };
		BB92DE6E265C7ABD002897C3 /* Info.plist */ = {isa = PBXFileReference; lastKnownFileType = text.plist.xml; path = Info.plist; sourceTree = "<group>"; };
		BB92DE73265C7ABD002897C3 /* BoulderingGuideTests.xctest */ = {isa = PBXFileReference; explicitFileType = wrapper.cfbundle; includeInIndex = 0; path = BoulderingGuideTests.xctest; sourceTree = BUILT_PRODUCTS_DIR; };
		BB92DE79265C7ABD002897C3 /* Info.plist */ = {isa = PBXFileReference; lastKnownFileType = text.plist.xml; path = Info.plist; sourceTree = "<group>"; };
		BB92DE7E265C7ABD002897C3 /* BoulderingGuideUITests.xctest */ = {isa = PBXFileReference; explicitFileType = wrapper.cfbundle; includeInIndex = 0; path = BoulderingGuideUITests.xctest; sourceTree = BUILT_PRODUCTS_DIR; };
		BB92DE82265C7ABD002897C3 /* BoulderingGuideUITests.swift */ = {isa = PBXFileReference; lastKnownFileType = sourcecode.swift; path = BoulderingGuideUITests.swift; sourceTree = "<group>"; };
		BB92DE84265C7ABD002897C3 /* Info.plist */ = {isa = PBXFileReference; lastKnownFileType = text.plist.xml; path = Info.plist; sourceTree = "<group>"; };
		BB92DE93265C7B4D002897C3 /* RouteTest.swift */ = {isa = PBXFileReference; fileEncoding = 4; lastKnownFileType = sourcecode.swift; path = RouteTest.swift; sourceTree = "<group>"; };
		BB92DE9F265C7BB1002897C3 /* Route.swift */ = {isa = PBXFileReference; fileEncoding = 4; lastKnownFileType = sourcecode.swift; path = Route.swift; sourceTree = "<group>"; };
		BB92DEA7265C7BEA002897C3 /* Boulder.swift */ = {isa = PBXFileReference; fileEncoding = 4; lastKnownFileType = sourcecode.swift; path = Boulder.swift; sourceTree = "<group>"; };
		BB92DEA8265C7BEA002897C3 /* Area.swift */ = {isa = PBXFileReference; fileEncoding = 4; lastKnownFileType = sourcecode.swift; path = Area.swift; sourceTree = "<group>"; };
		BB92DEA9265C7BEA002897C3 /* Areas.swift */ = {isa = PBXFileReference; fileEncoding = 4; lastKnownFileType = sourcecode.swift; path = Areas.swift; sourceTree = "<group>"; };
		BB92DEAA265C7BEA002897C3 /* Cluster.swift */ = {isa = PBXFileReference; fileEncoding = 4; lastKnownFileType = sourcecode.swift; path = Cluster.swift; sourceTree = "<group>"; };
		BB92DEB6265C7C8E002897C3 /* ClusterTest.swift */ = {isa = PBXFileReference; fileEncoding = 4; lastKnownFileType = sourcecode.swift; path = ClusterTest.swift; sourceTree = "<group>"; };
		BB92DEB7265C7C8E002897C3 /* AreaTest.swift */ = {isa = PBXFileReference; fileEncoding = 4; lastKnownFileType = sourcecode.swift; path = AreaTest.swift; sourceTree = "<group>"; };
		BB92DED2265C7FCF002897C3 /* AreasPage.swift */ = {isa = PBXFileReference; fileEncoding = 4; lastKnownFileType = sourcecode.swift; path = AreasPage.swift; sourceTree = "<group>"; };
		BB92DEDA265C802D002897C3 /* TabPage.swift */ = {isa = PBXFileReference; fileEncoding = 4; lastKnownFileType = sourcecode.swift; path = TabPage.swift; sourceTree = "<group>"; };
		BB92DF13265C80B1002897C3 /* AreaMapPage.swift */ = {isa = PBXFileReference; fileEncoding = 4; lastKnownFileType = sourcecode.swift; path = AreaMapPage.swift; sourceTree = "<group>"; };
		BB92DF18265C80D1002897C3 /* AreaMapView.swift */ = {isa = PBXFileReference; fileEncoding = 4; lastKnownFileType = sourcecode.swift; path = AreaMapView.swift; sourceTree = "<group>"; };
		BB92DF1D265C80EC002897C3 /* ClusterPage.swift */ = {isa = PBXFileReference; fileEncoding = 4; lastKnownFileType = sourcecode.swift; path = ClusterPage.swift; sourceTree = "<group>"; };
		BB92DF22265C8105002897C3 /* BoulderPage.swift */ = {isa = PBXFileReference; fileEncoding = 4; lastKnownFileType = sourcecode.swift; path = BoulderPage.swift; sourceTree = "<group>"; };
		BB92DF2A265C8134002897C3 /* NavigationPage.swift */ = {isa = PBXFileReference; fileEncoding = 4; lastKnownFileType = sourcecode.swift; path = NavigationPage.swift; sourceTree = "<group>"; };
		BB92DF32265C8153002897C3 /* NavigationMapView.swift */ = {isa = PBXFileReference; fileEncoding = 4; lastKnownFileType = sourcecode.swift; path = NavigationMapView.swift; sourceTree = "<group>"; };
		BB92DF3A265C8172002897C3 /* RoutePage.swift */ = {isa = PBXFileReference; fileEncoding = 4; lastKnownFileType = sourcecode.swift; path = RoutePage.swift; sourceTree = "<group>"; };
		BB92DF3F265C8193002897C3 /* ListItemView.swift */ = {isa = PBXFileReference; fileEncoding = 4; lastKnownFileType = sourcecode.swift; path = ListItemView.swift; sourceTree = "<group>"; };
		BB92DF47265C81BE002897C3 /* ListItem.swift */ = {isa = PBXFileReference; fileEncoding = 4; lastKnownFileType = sourcecode.swift; path = ListItem.swift; sourceTree = "<group>"; };
		BB92DF4F265C81E4002897C3 /* RoutesPage.swift */ = {isa = PBXFileReference; fileEncoding = 4; lastKnownFileType = sourcecode.swift; path = RoutesPage.swift; sourceTree = "<group>"; };
		BBB2FE292667B51700FF60FA /* UrlBuilder.swift */ = {isa = PBXFileReference; lastKnownFileType = sourcecode.swift; path = UrlBuilder.swift; sourceTree = "<group>"; };
		BBC818C72688B49D00AB9F59 /* ProgressViewModel.swift */ = {isa = PBXFileReference; lastKnownFileType = sourcecode.swift; path = ProgressViewModel.swift; sourceTree = "<group>"; };
		BBF24653267E8FCE00FFDB9A /* PrefsPage.swift */ = {isa = PBXFileReference; lastKnownFileType = sourcecode.swift; path = PrefsPage.swift; sourceTree = "<group>"; };
		BBF24658267ED43900FFDB9A /* UserPrefs.swift */ = {isa = PBXFileReference; lastKnownFileType = sourcecode.swift; path = UserPrefs.swift; sourceTree = "<group>"; };
		BBF246642684AD6600FFDB9A /* ProgressDialog.swift */ = {isa = PBXFileReference; lastKnownFileType = sourcecode.swift; path = ProgressDialog.swift; sourceTree = "<group>"; };
		BBF2466C26878B0200FFDB9A /* ImageDownloaderTest.swift */ = {isa = PBXFileReference; lastKnownFileType = sourcecode.swift; path = ImageDownloaderTest.swift; sourceTree = "<group>"; };
		BBF2467126878C3200FFDB9A /* ImageDowloader.swift */ = {isa = PBXFileReference; lastKnownFileType = sourcecode.swift; path = ImageDowloader.swift; sourceTree = "<group>"; };
		BBFAB9F0266D452D009A261E /* mt_rubidoux.json */ = {isa = PBXFileReference; fileEncoding = 4; lastKnownFileType = text.json; path = mt_rubidoux.json; sourceTree = "<group>"; };
		BBFABAA9267699B4009A261E /* ImageCache.swift */ = {isa = PBXFileReference; lastKnownFileType = sourcecode.swift; path = ImageCache.swift; sourceTree = "<group>"; };
		BBFABAAE2676A431009A261E /* Environment.swift */ = {isa = PBXFileReference; lastKnownFileType = sourcecode.swift; path = Environment.swift; sourceTree = "<group>"; };
		BBFABAD5267E773C009A261E /* ImageFileTest.swift */ = {isa = PBXFileReference; lastKnownFileType = sourcecode.swift; path = ImageFileTest.swift; sourceTree = "<group>"; };
		BBFABADA267E7FBC009A261E /* ImageFile.swift */ = {isa = PBXFileReference; lastKnownFileType = sourcecode.swift; path = ImageFile.swift; sourceTree = "<group>"; };
/* End PBXFileReference section */

/* Begin PBXFrameworksBuildPhase section */
		BB92DE5F265C7ABA002897C3 /* Frameworks */ = {
			isa = PBXFrameworksBuildPhase;
			buildActionMask = 2147483647;
			files = (
			);
			runOnlyForDeploymentPostprocessing = 0;
		};
		BB92DE70265C7ABD002897C3 /* Frameworks */ = {
			isa = PBXFrameworksBuildPhase;
			buildActionMask = 2147483647;
			files = (
			);
			runOnlyForDeploymentPostprocessing = 0;
		};
		BB92DE7B265C7ABD002897C3 /* Frameworks */ = {
			isa = PBXFrameworksBuildPhase;
			buildActionMask = 2147483647;
			files = (
			);
			runOnlyForDeploymentPostprocessing = 0;
		};
/* End PBXFrameworksBuildPhase section */

/* Begin PBXGroup section */
		BB49551E2665859A00E20571 /* View Models */ = {
			isa = PBXGroup;
			children = (
				BB92DEA9265C7BEA002897C3 /* Areas.swift */,
				BB495525266586A200E20571 /* AreaViewModel.swift */,
				BBC818C72688B49D00AB9F59 /* ProgressViewModel.swift */,
			);
			path = "View Models";
			sourceTree = "<group>";
		};
		BB92DE59265C7ABA002897C3 = {
			isa = PBXGroup;
			children = (
				BB49551E2665859A00E20571 /* View Models */,
				BB92DED1265C7F77002897C3 /* Views */,
				BB92DEC1265C7DE3002897C3 /* Resources */,
				BB92DE9E265C7B86002897C3 /* Models */,
				BB92DE64265C7ABA002897C3 /* BoulderingGuide */,
				BB92DE76265C7ABD002897C3 /* BoulderingGuideTests */,
				BB92DE81265C7ABD002897C3 /* BoulderingGuideUITests */,
				BB92DE63265C7ABA002897C3 /* Products */,
			);
			sourceTree = "<group>";
		};
		BB92DE63265C7ABA002897C3 /* Products */ = {
			isa = PBXGroup;
			children = (
				BB92DE62265C7ABA002897C3 /* BoulderingGuide.app */,
				BB92DE73265C7ABD002897C3 /* BoulderingGuideTests.xctest */,
				BB92DE7E265C7ABD002897C3 /* BoulderingGuideUITests.xctest */,
			);
			name = Products;
			sourceTree = "<group>";
		};
		BB92DE64265C7ABA002897C3 /* BoulderingGuide */ = {
			isa = PBXGroup;
			children = (
				BB92DE65265C7ABA002897C3 /* BoulderingGuideApp.swift */,
				BBFABAAE2676A431009A261E /* Environment.swift */,
				BB92DE69265C7ABD002897C3 /* Assets.xcassets */,
				BB92DE6E265C7ABD002897C3 /* Info.plist */,
				BB92DE6B265C7ABD002897C3 /* Preview Content */,
			);
			path = BoulderingGuide;
			sourceTree = "<group>";
		};
		BB92DE6B265C7ABD002897C3 /* Preview Content */ = {
			isa = PBXGroup;
			children = (
				BB92DE6C265C7ABD002897C3 /* Preview Assets.xcassets */,
			);
			path = "Preview Content";
			sourceTree = "<group>";
		};
		BB92DE76265C7ABD002897C3 /* BoulderingGuideTests */ = {
			isa = PBXGroup;
			children = (
				BB92DEB7265C7C8E002897C3 /* AreaTest.swift */,
				BB92DEB6265C7C8E002897C3 /* ClusterTest.swift */,
				BB92DE93265C7B4D002897C3 /* RouteTest.swift */,
				BB92DE79265C7ABD002897C3 /* Info.plist */,
				BB8FDD3E26642BC800275F3B /* ImageProviderTest.swift */,
				BBFABAD5267E773C009A261E /* ImageFileTest.swift */,
				BBF2466C26878B0200FFDB9A /* ImageDownloaderTest.swift */,
			);
			path = BoulderingGuideTests;
			sourceTree = "<group>";
		};
		BB92DE81265C7ABD002897C3 /* BoulderingGuideUITests */ = {
			isa = PBXGroup;
			children = (
				BB92DE82265C7ABD002897C3 /* BoulderingGuideUITests.swift */,
				BB92DE84265C7ABD002897C3 /* Info.plist */,
			);
			path = BoulderingGuideUITests;
			sourceTree = "<group>";
		};
		BB92DE9E265C7B86002897C3 /* Models */ = {
			isa = PBXGroup;
			children = (
				BB92DEA8265C7BEA002897C3 /* Area.swift */,
				BB92DEA7265C7BEA002897C3 /* Boulder.swift */,
				BB92DEAA265C7BEA002897C3 /* Cluster.swift */,
				BBFABAA9267699B4009A261E /* ImageCache.swift */,
				BBFABADA267E7FBC009A261E /* ImageFile.swift */,
				BB8FDD3926641C1300275F3B /* ImageProvider.swift */,
				BB92DF47265C81BE002897C3 /* ListItem.swift */,
				BB92DE9F265C7BB1002897C3 /* Route.swift */,
				BBB2FE292667B51700FF60FA /* UrlBuilder.swift */,
				BBF24658267ED43900FFDB9A /* UserPrefs.swift */,
				BBF2467126878C3200FFDB9A /* ImageDowloader.swift */,
			);
			path = Models;
			sourceTree = "<group>";
		};
		BB92DEC1265C7DE3002897C3 /* Resources */ = {
			isa = PBXGroup;
			children = (
				BB0A3ECD2661182F0039F510 /* stoney_point.jpg */,
				BB0A3EDD2661D96D0039F510 /* horse_flats.json */,
				BBFAB9F0266D452D009A261E /* mt_rubidoux.json */,
				BB0A3EC1266111990039F510 /* stoney_point.json */,
			);
			path = Resources;
			sourceTree = "<group>";
		};
		BB92DED1265C7F77002897C3 /* Views */ = {
			isa = PBXGroup;
			children = (
				BB8FDD43266431E800275F3B /* AsyncImage.swift */,
				BB92DF13265C80B1002897C3 /* AreaMapPage.swift */,
				BB92DF18265C80D1002897C3 /* AreaMapView.swift */,
				BB92DED2265C7FCF002897C3 /* AreasPage.swift */,
				BB92DF22265C8105002897C3 /* BoulderPage.swift */,
				BB92DE67265C7ABA002897C3 /* ContentView.swift */,
				BB92DF1D265C80EC002897C3 /* ClusterPage.swift */,
				BB92DF3F265C8193002897C3 /* ListItemView.swift */,
				BB92DF32265C8153002897C3 /* NavigationMapView.swift */,
				BB92DF2A265C8134002897C3 /* NavigationPage.swift */,
				BBF24653267E8FCE00FFDB9A /* PrefsPage.swift */,
				BBF246642684AD6600FFDB9A /* ProgressDialog.swift */,
				BB92DF3A265C8172002897C3 /* RoutePage.swift */,
				BB92DF4F265C81E4002897C3 /* RoutesPage.swift */,
				BB0A3EC82661166E0039F510 /* SplashScreen.swift */,
				BB92DEDA265C802D002897C3 /* TabPage.swift */,
			);
			path = Views;
			sourceTree = "<group>";
		};
/* End PBXGroup section */

/* Begin PBXNativeTarget section */
		BB92DE61265C7ABA002897C3 /* BoulderingGuide */ = {
			isa = PBXNativeTarget;
			buildConfigurationList = BB92DE87265C7ABD002897C3 /* Build configuration list for PBXNativeTarget "BoulderingGuide" */;
			buildPhases = (
				BB92DE5E265C7ABA002897C3 /* Sources */,
				BB92DE5F265C7ABA002897C3 /* Frameworks */,
				BB92DE60265C7ABA002897C3 /* Resources */,
			);
			buildRules = (
			);
			dependencies = (
			);
			name = BoulderingGuide;
			productName = BoulderingGuide;
			productReference = BB92DE62265C7ABA002897C3 /* BoulderingGuide.app */;
			productType = "com.apple.product-type.application";
		};
		BB92DE72265C7ABD002897C3 /* BoulderingGuideTests */ = {
			isa = PBXNativeTarget;
			buildConfigurationList = BB92DE8A265C7ABD002897C3 /* Build configuration list for PBXNativeTarget "BoulderingGuideTests" */;
			buildPhases = (
				BB92DE6F265C7ABD002897C3 /* Sources */,
				BB92DE70265C7ABD002897C3 /* Frameworks */,
				BB92DE71265C7ABD002897C3 /* Resources */,
			);
			buildRules = (
			);
			dependencies = (
				BB92DE75265C7ABD002897C3 /* PBXTargetDependency */,
			);
			name = BoulderingGuideTests;
			productName = BoulderingGuideTests;
			productReference = BB92DE73265C7ABD002897C3 /* BoulderingGuideTests.xctest */;
			productType = "com.apple.product-type.bundle.unit-test";
		};
		BB92DE7D265C7ABD002897C3 /* BoulderingGuideUITests */ = {
			isa = PBXNativeTarget;
			buildConfigurationList = BB92DE8D265C7ABD002897C3 /* Build configuration list for PBXNativeTarget "BoulderingGuideUITests" */;
			buildPhases = (
				BB92DE7A265C7ABD002897C3 /* Sources */,
				BB92DE7B265C7ABD002897C3 /* Frameworks */,
				BB92DE7C265C7ABD002897C3 /* Resources */,
			);
			buildRules = (
			);
			dependencies = (
				BB92DE80265C7ABD002897C3 /* PBXTargetDependency */,
			);
			name = BoulderingGuideUITests;
			productName = BoulderingGuideUITests;
			productReference = BB92DE7E265C7ABD002897C3 /* BoulderingGuideUITests.xctest */;
			productType = "com.apple.product-type.bundle.ui-testing";
		};
/* End PBXNativeTarget section */

/* Begin PBXProject section */
		BB92DE5A265C7ABA002897C3 /* Project object */ = {
			isa = PBXProject;
			attributes = {
				LastSwiftUpdateCheck = 1240;
				LastUpgradeCheck = 1240;
				TargetAttributes = {
					BB92DE61265C7ABA002897C3 = {
						CreatedOnToolsVersion = 12.4;
					};
					BB92DE72265C7ABD002897C3 = {
						CreatedOnToolsVersion = 12.4;
						TestTargetID = BB92DE61265C7ABA002897C3;
					};
					BB92DE7D265C7ABD002897C3 = {
						CreatedOnToolsVersion = 12.4;
						TestTargetID = BB92DE61265C7ABA002897C3;
					};
				};
			};
			buildConfigurationList = BB92DE5D265C7ABA002897C3 /* Build configuration list for PBXProject "BoulderingGuide" */;
			compatibilityVersion = "Xcode 9.3";
			developmentRegion = en;
			hasScannedForEncodings = 0;
			knownRegions = (
				en,
				Base,
			);
			mainGroup = BB92DE59265C7ABA002897C3;
			productRefGroup = BB92DE63265C7ABA002897C3 /* Products */;
			projectDirPath = "";
			projectRoot = "";
			targets = (
				BB92DE61265C7ABA002897C3 /* BoulderingGuide */,
				BB92DE72265C7ABD002897C3 /* BoulderingGuideTests */,
				BB92DE7D265C7ABD002897C3 /* BoulderingGuideUITests */,
			);
		};
/* End PBXProject section */

/* Begin PBXResourcesBuildPhase section */
		BB92DE60265C7ABA002897C3 /* Resources */ = {
			isa = PBXResourcesBuildPhase;
			buildActionMask = 2147483647;
			files = (
				BBFAB9F1266D452D009A261E /* mt_rubidoux.json in Resources */,
				BB0A3EC2266111990039F510 /* stoney_point.json in Resources */,
				BB0A3ECE2661182F0039F510 /* stoney_point.jpg in Resources */,
				BB92DE6D265C7ABD002897C3 /* Preview Assets.xcassets in Resources */,
				BB0A3EDE2661D96D0039F510 /* horse_flats.json in Resources */,
				BB92DE6A265C7ABD002897C3 /* Assets.xcassets in Resources */,
			);
			runOnlyForDeploymentPostprocessing = 0;
		};
		BB92DE71265C7ABD002897C3 /* Resources */ = {
			isa = PBXResourcesBuildPhase;
			buildActionMask = 2147483647;
			files = (
			);
			runOnlyForDeploymentPostprocessing = 0;
		};
		BB92DE7C265C7ABD002897C3 /* Resources */ = {
			isa = PBXResourcesBuildPhase;
			buildActionMask = 2147483647;
			files = (
			);
			runOnlyForDeploymentPostprocessing = 0;
		};
/* End PBXResourcesBuildPhase section */

/* Begin PBXSourcesBuildPhase section */
		BB92DE5E265C7ABA002897C3 /* Sources */ = {
			isa = PBXSourcesBuildPhase;
			buildActionMask = 2147483647;
			files = (
				BB92DF00265C807C002897C3 /* Route.swift in Sources */,
				BB92DF40265C8193002897C3 /* ListItemView.swift in Sources */,
				BB8FDD44266431E800275F3B /* AsyncImage.swift in Sources */,
				BB495526266586A200E20571 /* AreaViewModel.swift in Sources */,
				BB92DEF4265C8075002897C3 /* Areas.swift in Sources */,
				BB92DEF0265C8072002897C3 /* Area.swift in Sources */,
				BB92DEFC265C807A002897C3 /* Cluster.swift in Sources */,
				BB92DF2B265C8134002897C3 /* NavigationPage.swift in Sources */,
				BB92DF14265C80B1002897C3 /* AreaMapPage.swift in Sources */,
				BBF24659267ED43900FFDB9A /* UserPrefs.swift in Sources */,
				BBFABAE2267E7FDE009A261E /* ImageFile.swift in Sources */,
				BB92DF3B265C8172002897C3 /* RoutePage.swift in Sources */,
				BBFABAAA267699B4009A261E /* ImageCache.swift in Sources */,
				BBB2FE2A2667B51700FF60FA /* UrlBuilder.swift in Sources */,
				BB92DF19265C80D1002897C3 /* AreaMapView.swift in Sources */,
				BB0A3EC92661166E0039F510 /* SplashScreen.swift in Sources */,
				BBF2467226878C3200FFDB9A /* ImageDowloader.swift in Sources */,
				BB92DEF8265C8077002897C3 /* Boulder.swift in Sources */,
				BB92DEE6265C805D002897C3 /* TabPage.swift in Sources */,
				BBC818C82688B49D00AB9F59 /* ProgressViewModel.swift in Sources */,
				BB8FDD3A26641C1300275F3B /* ImageProvider.swift in Sources */,
				BB92DF50265C81E4002897C3 /* RoutesPage.swift in Sources */,
				BB92DE68265C7ABA002897C3 /* ContentView.swift in Sources */,
				BB92DF48265C81BE002897C3 /* ListItem.swift in Sources */,
				BB92DEE2265C805A002897C3 /* AreasPage.swift in Sources */,
				BBFABAAF2676A431009A261E /* Environment.swift in Sources */,
				BBF246652684AD6600FFDB9A /* ProgressDialog.swift in Sources */,
				BB92DF33265C8154002897C3 /* NavigationMapView.swift in Sources */,
				BB92DE66265C7ABA002897C3 /* BoulderingGuideApp.swift in Sources */,
				BB92DF23265C8105002897C3 /* BoulderPage.swift in Sources */,
				BB92DF1E265C80EC002897C3 /* ClusterPage.swift in Sources */,
				BBF24654267E8FCE00FFDB9A /* PrefsPage.swift in Sources */,
			);
			runOnlyForDeploymentPostprocessing = 0;
		};
		BB92DE6F265C7ABD002897C3 /* Sources */ = {
			isa = PBXSourcesBuildPhase;
			buildActionMask = 2147483647;
			files = (
				BB92DE94265C7B4D002897C3 /* RouteTest.swift in Sources */,
				BB92DEBA265C7C8E002897C3 /* AreaTest.swift in Sources */,
				BBFABAD6267E773C009A261E /* ImageFileTest.swift in Sources */,
				BB8FDD3F26642BC800275F3B /* ImageProviderTest.swift in Sources */,
				BBF2466D26878B0200FFDB9A /* ImageDownloaderTest.swift in Sources */,
				BB92DEB9265C7C8E002897C3 /* ClusterTest.swift in Sources */,
			);
			runOnlyForDeploymentPostprocessing = 0;
		};
		BB92DE7A265C7ABD002897C3 /* Sources */ = {
			isa = PBXSourcesBuildPhase;
			buildActionMask = 2147483647;
			files = (
				BB92DE83265C7ABD002897C3 /* BoulderingGuideUITests.swift in Sources */,
			);
			runOnlyForDeploymentPostprocessing = 0;
		};
/* End PBXSourcesBuildPhase section */

/* Begin PBXTargetDependency section */
		BB92DE75265C7ABD002897C3 /* PBXTargetDependency */ = {
			isa = PBXTargetDependency;
			target = BB92DE61265C7ABA002897C3 /* BoulderingGuide */;
			targetProxy = BB92DE74265C7ABD002897C3 /* PBXContainerItemProxy */;
		};
		BB92DE80265C7ABD002897C3 /* PBXTargetDependency */ = {
			isa = PBXTargetDependency;
			target = BB92DE61265C7ABA002897C3 /* BoulderingGuide */;
			targetProxy = BB92DE7F265C7ABD002897C3 /* PBXContainerItemProxy */;
		};
/* End PBXTargetDependency section */

/* Begin XCBuildConfiguration section */
		BB92DE85265C7ABD002897C3 /* Debug */ = {
			isa = XCBuildConfiguration;
			buildSettings = {
				ALWAYS_SEARCH_USER_PATHS = NO;
				CLANG_ANALYZER_NONNULL = YES;
				CLANG_ANALYZER_NUMBER_OBJECT_CONVERSION = YES_AGGRESSIVE;
				CLANG_CXX_LANGUAGE_STANDARD = "gnu++14";
				CLANG_CXX_LIBRARY = "libc++";
				CLANG_ENABLE_MODULES = YES;
				CLANG_ENABLE_OBJC_ARC = YES;
				CLANG_ENABLE_OBJC_WEAK = YES;
				CLANG_WARN_BLOCK_CAPTURE_AUTORELEASING = YES;
				CLANG_WARN_BOOL_CONVERSION = YES;
				CLANG_WARN_COMMA = YES;
				CLANG_WARN_CONSTANT_CONVERSION = YES;
				CLANG_WARN_DEPRECATED_OBJC_IMPLEMENTATIONS = YES;
				CLANG_WARN_DIRECT_OBJC_ISA_USAGE = YES_ERROR;
				CLANG_WARN_DOCUMENTATION_COMMENTS = YES;
				CLANG_WARN_EMPTY_BODY = YES;
				CLANG_WARN_ENUM_CONVERSION = YES;
				CLANG_WARN_INFINITE_RECURSION = YES;
				CLANG_WARN_INT_CONVERSION = YES;
				CLANG_WARN_NON_LITERAL_NULL_CONVERSION = YES;
				CLANG_WARN_OBJC_IMPLICIT_RETAIN_SELF = YES;
				CLANG_WARN_OBJC_LITERAL_CONVERSION = YES;
				CLANG_WARN_OBJC_ROOT_CLASS = YES_ERROR;
				CLANG_WARN_QUOTED_INCLUDE_IN_FRAMEWORK_HEADER = YES;
				CLANG_WARN_RANGE_LOOP_ANALYSIS = YES;
				CLANG_WARN_STRICT_PROTOTYPES = YES;
				CLANG_WARN_SUSPICIOUS_MOVE = YES;
				CLANG_WARN_UNGUARDED_AVAILABILITY = YES_AGGRESSIVE;
				CLANG_WARN_UNREACHABLE_CODE = YES;
				CLANG_WARN__DUPLICATE_METHOD_MATCH = YES;
				COPY_PHASE_STRIP = NO;
				DEBUG_INFORMATION_FORMAT = dwarf;
				ENABLE_STRICT_OBJC_MSGSEND = YES;
				ENABLE_TESTABILITY = YES;
				GCC_C_LANGUAGE_STANDARD = gnu11;
				GCC_DYNAMIC_NO_PIC = NO;
				GCC_NO_COMMON_BLOCKS = YES;
				GCC_OPTIMIZATION_LEVEL = 0;
				GCC_PREPROCESSOR_DEFINITIONS = (
					"DEBUG=1",
					"$(inherited)",
				);
				GCC_WARN_64_TO_32_BIT_CONVERSION = YES;
				GCC_WARN_ABOUT_RETURN_TYPE = YES_ERROR;
				GCC_WARN_UNDECLARED_SELECTOR = YES;
				GCC_WARN_UNINITIALIZED_AUTOS = YES_AGGRESSIVE;
				GCC_WARN_UNUSED_FUNCTION = YES;
				GCC_WARN_UNUSED_VARIABLE = YES;
				IPHONEOS_DEPLOYMENT_TARGET = 14.4;
				MTL_ENABLE_DEBUG_INFO = INCLUDE_SOURCE;
				MTL_FAST_MATH = YES;
				ONLY_ACTIVE_ARCH = YES;
				SDKROOT = iphoneos;
				SWIFT_ACTIVE_COMPILATION_CONDITIONS = DEBUG;
				SWIFT_OPTIMIZATION_LEVEL = "-Onone";
			};
			name = Debug;
		};
		BB92DE86265C7ABD002897C3 /* Release */ = {
			isa = XCBuildConfiguration;
			buildSettings = {
				ALWAYS_SEARCH_USER_PATHS = NO;
				CLANG_ANALYZER_NONNULL = YES;
				CLANG_ANALYZER_NUMBER_OBJECT_CONVERSION = YES_AGGRESSIVE;
				CLANG_CXX_LANGUAGE_STANDARD = "gnu++14";
				CLANG_CXX_LIBRARY = "libc++";
				CLANG_ENABLE_MODULES = YES;
				CLANG_ENABLE_OBJC_ARC = YES;
				CLANG_ENABLE_OBJC_WEAK = YES;
				CLANG_WARN_BLOCK_CAPTURE_AUTORELEASING = YES;
				CLANG_WARN_BOOL_CONVERSION = YES;
				CLANG_WARN_COMMA = YES;
				CLANG_WARN_CONSTANT_CONVERSION = YES;
				CLANG_WARN_DEPRECATED_OBJC_IMPLEMENTATIONS = YES;
				CLANG_WARN_DIRECT_OBJC_ISA_USAGE = YES_ERROR;
				CLANG_WARN_DOCUMENTATION_COMMENTS = YES;
				CLANG_WARN_EMPTY_BODY = YES;
				CLANG_WARN_ENUM_CONVERSION = YES;
				CLANG_WARN_INFINITE_RECURSION = YES;
				CLANG_WARN_INT_CONVERSION = YES;
				CLANG_WARN_NON_LITERAL_NULL_CONVERSION = YES;
				CLANG_WARN_OBJC_IMPLICIT_RETAIN_SELF = YES;
				CLANG_WARN_OBJC_LITERAL_CONVERSION = YES;
				CLANG_WARN_OBJC_ROOT_CLASS = YES_ERROR;
				CLANG_WARN_QUOTED_INCLUDE_IN_FRAMEWORK_HEADER = YES;
				CLANG_WARN_RANGE_LOOP_ANALYSIS = YES;
				CLANG_WARN_STRICT_PROTOTYPES = YES;
				CLANG_WARN_SUSPICIOUS_MOVE = YES;
				CLANG_WARN_UNGUARDED_AVAILABILITY = YES_AGGRESSIVE;
				CLANG_WARN_UNREACHABLE_CODE = YES;
				CLANG_WARN__DUPLICATE_METHOD_MATCH = YES;
				COPY_PHASE_STRIP = NO;
				DEBUG_INFORMATION_FORMAT = "dwarf-with-dsym";
				ENABLE_NS_ASSERTIONS = NO;
				ENABLE_STRICT_OBJC_MSGSEND = YES;
				GCC_C_LANGUAGE_STANDARD = gnu11;
				GCC_NO_COMMON_BLOCKS = YES;
				GCC_WARN_64_TO_32_BIT_CONVERSION = YES;
				GCC_WARN_ABOUT_RETURN_TYPE = YES_ERROR;
				GCC_WARN_UNDECLARED_SELECTOR = YES;
				GCC_WARN_UNINITIALIZED_AUTOS = YES_AGGRESSIVE;
				GCC_WARN_UNUSED_FUNCTION = YES;
				GCC_WARN_UNUSED_VARIABLE = YES;
				IPHONEOS_DEPLOYMENT_TARGET = 14.4;
				MTL_ENABLE_DEBUG_INFO = NO;
				MTL_FAST_MATH = YES;
				SDKROOT = iphoneos;
				SWIFT_COMPILATION_MODE = wholemodule;
				SWIFT_OPTIMIZATION_LEVEL = "-O";
				VALIDATE_PRODUCT = YES;
			};
			name = Release;
		};
		BB92DE88265C7ABD002897C3 /* Debug */ = {
			isa = XCBuildConfiguration;
			buildSettings = {
				ASSETCATALOG_COMPILER_APPICON_NAME = AppIcon;
				ASSETCATALOG_COMPILER_GLOBAL_ACCENT_COLOR_NAME = AccentColor;
				CODE_SIGN_STYLE = Automatic;
				DEVELOPMENT_ASSET_PATHS = "\"BoulderingGuide/Preview Content\"";
				DEVELOPMENT_TEAM = 3BX7T8F4PB;
				ENABLE_PREVIEWS = YES;
				INFOPLIST_FILE = BoulderingGuide/Info.plist;
				IPHONEOS_DEPLOYMENT_TARGET = 14.0;
				LD_RUNPATH_SEARCH_PATHS = (
					"$(inherited)",
					"@executable_path/Frameworks",
				);
				PRODUCT_BUNDLE_IDENTIFIER = com.blackblocsoft.BoulderingGuide;
				PRODUCT_NAME = "$(TARGET_NAME)";
				SWIFT_VERSION = 5.0;
				TARGETED_DEVICE_FAMILY = "1,2";
			};
			name = Debug;
		};
		BB92DE89265C7ABD002897C3 /* Release */ = {
			isa = XCBuildConfiguration;
			buildSettings = {
				ASSETCATALOG_COMPILER_APPICON_NAME = AppIcon;
				ASSETCATALOG_COMPILER_GLOBAL_ACCENT_COLOR_NAME = AccentColor;
				CODE_SIGN_STYLE = Automatic;
				DEVELOPMENT_ASSET_PATHS = "\"BoulderingGuide/Preview Content\"";
				DEVELOPMENT_TEAM = 3BX7T8F4PB;
				ENABLE_PREVIEWS = YES;
				INFOPLIST_FILE = BoulderingGuide/Info.plist;
				IPHONEOS_DEPLOYMENT_TARGET = 14.0;
				LD_RUNPATH_SEARCH_PATHS = (
					"$(inherited)",
					"@executable_path/Frameworks",
				);
				PRODUCT_BUNDLE_IDENTIFIER = com.blackblocsoft.BoulderingGuide;
				PRODUCT_NAME = "$(TARGET_NAME)";
				SWIFT_VERSION = 5.0;
				TARGETED_DEVICE_FAMILY = "1,2";
			};
			name = Release;
		};
		BB92DE8B265C7ABD002897C3 /* Debug */ = {
			isa = XCBuildConfiguration;
			buildSettings = {
				ALWAYS_EMBED_SWIFT_STANDARD_LIBRARIES = YES;
				BUNDLE_LOADER = "$(TEST_HOST)";
				CODE_SIGN_STYLE = Automatic;
				DEVELOPMENT_TEAM = 3BX7T8F4PB;
				INFOPLIST_FILE = BoulderingGuideTests/Info.plist;
				IPHONEOS_DEPLOYMENT_TARGET = 14.0;
				LD_RUNPATH_SEARCH_PATHS = (
					"$(inherited)",
					"@executable_path/Frameworks",
					"@loader_path/Frameworks",
				);
				PRODUCT_BUNDLE_IDENTIFIER = com.blackblocsoft.BoulderingGuideTests;
				PRODUCT_NAME = "$(TARGET_NAME)";
				SWIFT_VERSION = 5.0;
				TARGETED_DEVICE_FAMILY = "1,2";
				TEST_HOST = "$(BUILT_PRODUCTS_DIR)/BoulderingGuide.app/BoulderingGuide";
			};
			name = Debug;
		};
		BB92DE8C265C7ABD002897C3 /* Release */ = {
			isa = XCBuildConfiguration;
			buildSettings = {
				ALWAYS_EMBED_SWIFT_STANDARD_LIBRARIES = YES;
				BUNDLE_LOADER = "$(TEST_HOST)";
				CODE_SIGN_STYLE = Automatic;
				DEVELOPMENT_TEAM = 3BX7T8F4PB;
				INFOPLIST_FILE = BoulderingGuideTests/Info.plist;
				IPHONEOS_DEPLOYMENT_TARGET = 14.0;
				LD_RUNPATH_SEARCH_PATHS = (
					"$(inherited)",
					"@executable_path/Frameworks",
					"@loader_path/Frameworks",
				);
				PRODUCT_BUNDLE_IDENTIFIER = com.blackblocsoft.BoulderingGuideTests;
				PRODUCT_NAME = "$(TARGET_NAME)";
				SWIFT_VERSION = 5.0;
				TARGETED_DEVICE_FAMILY = "1,2";
				TEST_HOST = "$(BUILT_PRODUCTS_DIR)/BoulderingGuide.app/BoulderingGuide";
			};
			name = Release;
		};
		BB92DE8E265C7ABD002897C3 /* Debug */ = {
			isa = XCBuildConfiguration;
			buildSettings = {
				ALWAYS_EMBED_SWIFT_STANDARD_LIBRARIES = YES;
				CODE_SIGN_STYLE = Automatic;
				DEVELOPMENT_TEAM = 3BX7T8F4PB;
				INFOPLIST_FILE = BoulderingGuideUITests/Info.plist;
				LD_RUNPATH_SEARCH_PATHS = (
					"$(inherited)",
					"@executable_path/Frameworks",
					"@loader_path/Frameworks",
				);
				PRODUCT_BUNDLE_IDENTIFIER = com.blackblocsoft.BoulderingGuideUITests;
				PRODUCT_NAME = "$(TARGET_NAME)";
				SWIFT_VERSION = 5.0;
				TARGETED_DEVICE_FAMILY = "1,2";
				TEST_TARGET_NAME = BoulderingGuide;
			};
			name = Debug;
		};
		BB92DE8F265C7ABD002897C3 /* Release */ = {
			isa = XCBuildConfiguration;
			buildSettings = {
				ALWAYS_EMBED_SWIFT_STANDARD_LIBRARIES = YES;
				CODE_SIGN_STYLE = Automatic;
				DEVELOPMENT_TEAM = 3BX7T8F4PB;
				INFOPLIST_FILE = BoulderingGuideUITests/Info.plist;
				LD_RUNPATH_SEARCH_PATHS = (
					"$(inherited)",
					"@executable_path/Frameworks",
					"@loader_path/Frameworks",
				);
				PRODUCT_BUNDLE_IDENTIFIER = com.blackblocsoft.BoulderingGuideUITests;
				PRODUCT_NAME = "$(TARGET_NAME)";
				SWIFT_VERSION = 5.0;
				TARGETED_DEVICE_FAMILY = "1,2";
				TEST_TARGET_NAME = BoulderingGuide;
			};
			name = Release;
		};
/* End XCBuildConfiguration section */

/* Begin XCConfigurationList section */
		BB92DE5D265C7ABA002897C3 /* Build configuration list for PBXProject "BoulderingGuide" */ = {
			isa = XCConfigurationList;
			buildConfigurations = (
				BB92DE85265C7ABD002897C3 /* Debug */,
				BB92DE86265C7ABD002897C3 /* Release */,
			);
			defaultConfigurationIsVisible = 0;
			defaultConfigurationName = Release;
		};
		BB92DE87265C7ABD002897C3 /* Build configuration list for PBXNativeTarget "BoulderingGuide" */ = {
			isa = XCConfigurationList;
			buildConfigurations = (
				BB92DE88265C7ABD002897C3 /* Debug */,
				BB92DE89265C7ABD002897C3 /* Release */,
			);
			defaultConfigurationIsVisible = 0;
			defaultConfigurationName = Release;
		};
		BB92DE8A265C7ABD002897C3 /* Build configuration list for PBXNativeTarget "BoulderingGuideTests" */ = {
			isa = XCConfigurationList;
			buildConfigurations = (
				BB92DE8B265C7ABD002897C3 /* Debug */,
				BB92DE8C265C7ABD002897C3 /* Release */,
			);
			defaultConfigurationIsVisible = 0;
			defaultConfigurationName = Release;
		};
		BB92DE8D265C7ABD002897C3 /* Build configuration list for PBXNativeTarget "BoulderingGuideUITests" */ = {
			isa = XCConfigurationList;
			buildConfigurations = (
				BB92DE8E265C7ABD002897C3 /* Debug */,
				BB92DE8F265C7ABD002897C3 /* Release */,
			);
			defaultConfigurationIsVisible = 0;
			defaultConfigurationName = Release;
		};
/* End XCConfigurationList section */
	};
	rootObject = BB92DE5A265C7ABA002897C3 /* Project object */;
}
