// !$*UTF8*$!
{
	archiveVersion = 1;
	classes = {
	};
	objectVersion = 46;
	objects = {

/* Begin PBXBuildFile section */
		BB0606BD20B0756500B465F1 /* Ummagumma.png in Resources */ = {isa = PBXBuildFile; fileRef = BB0606BC20B0756500B465F1 /* Ummagumma.png */; };
		BB0606BF20B0874200B465F1 /* Face Problem.png in Resources */ = {isa = PBXBuildFile; fileRef = BB0606BE20B0874200B465F1 /* Face Problem.png */; };
		BB0606C120B0911300B465F1 /* Boulder Behind Ummagumma.png in Resources */ = {isa = PBXBuildFile; fileRef = BB0606C020B0911300B465F1 /* Boulder Behind Ummagumma.png */; };
		BB0606C320B0985400B465F1 /* Mommys Boys.png in Resources */ = {isa = PBXBuildFile; fileRef = BB0606C220B0985400B465F1 /* Mommys Boys.png */; };
		BB0606C520B09A3700B465F1 /* Mommys Boy Left.png in Resources */ = {isa = PBXBuildFile; fileRef = BB0606C420B09A3700B465F1 /* Mommys Boy Left.png */; };
		BB0606C720B09B9200B465F1 /* Mommys Boy Center.png in Resources */ = {isa = PBXBuildFile; fileRef = BB0606C620B09B9200B465F1 /* Mommys Boy Center.png */; };
		BB0606C920B09D2B00B465F1 /* Mommys Boy Right.png in Resources */ = {isa = PBXBuildFile; fileRef = BB0606C820B09D2B00B465F1 /* Mommys Boy Right.png */; };
		BB0606CB20B0A0A300B465F1 /* Yabo Dyno.png in Resources */ = {isa = PBXBuildFile; fileRef = BB0606CA20B0A0A200B465F1 /* Yabo Dyno.png */; };
		BB1B79051EE32F07009AF545 /* Thin Crack.jpg in Resources */ = {isa = PBXBuildFile; fileRef = BB1B79041EE32F07009AF545 /* Thin Crack.jpg */; };
		BB1B79071EE330A3009AF545 /* Barndoor Arete.jpg in Resources */ = {isa = PBXBuildFile; fileRef = BB1B79061EE330A3009AF545 /* Barndoor Arete.jpg */; };
		BB1B79091EE3341C009AF545 /* Sword of Damocles.jpg in Resources */ = {isa = PBXBuildFile; fileRef = BB1B79081EE3341C009AF545 /* Sword of Damocles.jpg */; };
		BB1B790B1EE33D66009AF545 /* Zacks Roof.jpg in Resources */ = {isa = PBXBuildFile; fileRef = BB1B790A1EE33D66009AF545 /* Zacks Roof.jpg */; };
		BB1B790D1EE33FB4009AF545 /* Victor Boulder.jpg in Resources */ = {isa = PBXBuildFile; fileRef = BB1B790C1EE33FB4009AF545 /* Victor Boulder.jpg */; };
		BB1B790F1EE34319009AF545 /* The Great Curve.jpg in Resources */ = {isa = PBXBuildFile; fileRef = BB1B790E1EE34319009AF545 /* The Great Curve.jpg */; };
		BB33C2F3218F48B90025371D /* list.png in Resources */ = {isa = PBXBuildFile; fileRef = BB33C2F0218F48B80025371D /* list.png */; };
		BB33C2F4218F48B90025371D /* list@2x.png in Resources */ = {isa = PBXBuildFile; fileRef = BB33C2F1218F48B90025371D /* list@2x.png */; };
		BB33C2F5218F48B90025371D /* list@3x.png in Resources */ = {isa = PBXBuildFile; fileRef = BB33C2F2218F48B90025371D /* list@3x.png */; };
		BB33C2F9218F4A840025371D /* location@2x.png in Resources */ = {isa = PBXBuildFile; fileRef = BB33C2F6218F4A840025371D /* location@2x.png */; };
		BB33C2FA218F4A840025371D /* location@3x.png in Resources */ = {isa = PBXBuildFile; fileRef = BB33C2F7218F4A840025371D /* location@3x.png */; };
		BB33C2FB218F4A840025371D /* location.png in Resources */ = {isa = PBXBuildFile; fileRef = BB33C2F8218F4A840025371D /* location.png */; };
		BB33C2FD218F72FB0025371D /* Hero Roof.png in Resources */ = {isa = PBXBuildFile; fileRef = BB33C2FC218F72FB0025371D /* Hero Roof.png */; };
		BB33C2FF218F94AF0025371D /* iron_man_traverse.png in Resources */ = {isa = PBXBuildFile; fileRef = BB33C2FE218F94AE0025371D /* iron_man_traverse.png */; };
		BB33C33D21922E400025371D /* and_the_holy_spirit_amen.png in Resources */ = {isa = PBXBuildFile; fileRef = BB33C33C21922E400025371D /* and_the_holy_spirit_amen.png */; };
		BB33C33F21922F150025371D /* arbor_days.png in Resources */ = {isa = PBXBuildFile; fileRef = BB33C33E21922F150025371D /* arbor_days.png */; };
		BB33C34121922F8E0025371D /* better_bold_than_old.png in Resources */ = {isa = PBXBuildFile; fileRef = BB33C34021922F8E0025371D /* better_bold_than_old.png */; };
		BB33C343219230190025371D /* y_crack.png in Resources */ = {isa = PBXBuildFile; fileRef = BB33C342219230190025371D /* y_crack.png */; };
		BB33C3452192324A0025371D /* opposition_movement.png in Resources */ = {isa = PBXBuildFile; fileRef = BB33C344219232490025371D /* opposition_movement.png */; };
		BB33C348219232F70025371D /* unnamed_1.png in Resources */ = {isa = PBXBuildFile; fileRef = BB33C346219232F60025371D /* unnamed_1.png */; };
		BB33C349219232F70025371D /* unnamed_2.png in Resources */ = {isa = PBXBuildFile; fileRef = BB33C347219232F60025371D /* unnamed_2.png */; };
		BB33C34B2192340D0025371D /* defroster.png in Resources */ = {isa = PBXBuildFile; fileRef = BB33C34A2192340D0025371D /* defroster.png */; };
		BB33C34D219234C80025371D /* the_refigerator.png in Resources */ = {isa = PBXBuildFile; fileRef = BB33C34C219234C80025371D /* the_refigerator.png */; };
		BB33C34F2192358F0025371D /* holy_water_boulder.png in Resources */ = {isa = PBXBuildFile; fileRef = BB33C34E2192358F0025371D /* holy_water_boulder.png */; };
		BB3CEC7920A88879006E2BD4 /* adams_rib.png in Resources */ = {isa = PBXBuildFile; fileRef = BB3CEC7820A88879006E2BD4 /* adams_rib.png */; };
		BB3CEC7B20A88A8E006E2BD4 /* rhythym_and_the_heat.png in Resources */ = {isa = PBXBuildFile; fileRef = BB3CEC7A20A88A8E006E2BD4 /* rhythym_and_the_heat.png */; };
		BB3CEC7D20A88B9B006E2BD4 /* Teflon President.png in Resources */ = {isa = PBXBuildFile; fileRef = BB3CEC7C20A88B9B006E2BD4 /* Teflon President.png */; };
		BB3CEC7F20A88CDA006E2BD4 /* Teflon Boulder.png in Resources */ = {isa = PBXBuildFile; fileRef = BB3CEC7E20A88CD9006E2BD4 /* Teflon Boulder.png */; };
		BB3CEC8120A88E00006E2BD4 /* Not Teflon President.png in Resources */ = {isa = PBXBuildFile; fileRef = BB3CEC8020A88E00006E2BD4 /* Not Teflon President.png */; };
		BB3CEC8320A88ECC006E2BD4 /* Teflon Arete.png in Resources */ = {isa = PBXBuildFile; fileRef = BB3CEC8220A88ECC006E2BD4 /* Teflon Arete.png */; };
		BB3CEC8520A89F57006E2BD4 /* Mr Ed.png in Resources */ = {isa = PBXBuildFile; fileRef = BB3CEC8420A89F57006E2BD4 /* Mr Ed.png */; };
		BB3CEC8720A8A0F3006E2BD4 /* Credit Card Lover.png in Resources */ = {isa = PBXBuildFile; fileRef = BB3CEC8620A8A0F3006E2BD4 /* Credit Card Lover.png */; };
		BB3CEC8920A8A314006E2BD4 /* Horse Farts.png in Resources */ = {isa = PBXBuildFile; fileRef = BB3CEC8820A8A314006E2BD4 /* Horse Farts.png */; };
		BB3CEC8B20A8D176006E2BD4 /* AreaView.xib in Resources */ = {isa = PBXBuildFile; fileRef = BB3CEC8A20A8D176006E2BD4 /* AreaView.xib */; };
		BB3CEC8D20A8D1A2006E2BD4 /* AreaViewController.swift in Sources */ = {isa = PBXBuildFile; fileRef = BB3CEC8C20A8D1A2006E2BD4 /* AreaViewController.swift */; };
		BB90B47B217AC0E200DBECE4 /* Unnamed.jpg in Resources */ = {isa = PBXBuildFile; fileRef = BB90B47A217AC0E200DBECE4 /* Unnamed.jpg */; };
		BB90B47D217AC1CC00DBECE4 /* Warm Up.jpg in Resources */ = {isa = PBXBuildFile; fileRef = BB90B47C217AC1CB00DBECE4 /* Warm Up.jpg */; };
		BB90B47F217AC2E500DBECE4 /* Happy Hooker.jpg in Resources */ = {isa = PBXBuildFile; fileRef = BB90B47E217AC2E500DBECE4 /* Happy Hooker.jpg */; };
		BB90B481217AC3E500DBECE4 /* Western Round Up.jpg in Resources */ = {isa = PBXBuildFile; fileRef = BB90B480217AC3E400DBECE4 /* Western Round Up.jpg */; };
		BBA3C8641E9E7BAA0037ED09 /* swiss_cheese.jpg in Resources */ = {isa = PBXBuildFile; fileRef = BBA3C8631E9E7BAA0037ED09 /* swiss_cheese.jpg */; };
		BBA3C8671E9E9EF70037ED09 /* golf_boulder.jpg in Resources */ = {isa = PBXBuildFile; fileRef = BBA3C8661E9E9EF70037ED09 /* golf_boulder.jpg */; };
		BBA3C8691E9EA2A40037ED09 /* Unknown2.jpg in Resources */ = {isa = PBXBuildFile; fileRef = BBA3C8681E9EA2A40037ED09 /* Unknown2.jpg */; };
		BBA3C86B1E9EDC4F0037ED09 /* The Falcon.jpg in Resources */ = {isa = PBXBuildFile; fileRef = BBA3C86A1E9EDC4F0037ED09 /* The Falcon.jpg */; };
		BBA3C86F1E9EE8B50037ED09 /* Eriksson Problem.jpg in Resources */ = {isa = PBXBuildFile; fileRef = BBA3C86E1E9EE8B50037ED09 /* Eriksson Problem.jpg */; };
		BBBDD69A1E92F04E00FBC583 /* AppDelegate.swift in Sources */ = {isa = PBXBuildFile; fileRef = BBBDD6991E92F04E00FBC583 /* AppDelegate.swift */; };
		BBBDD6A11E92F04E00FBC583 /* Assets.xcassets in Resources */ = {isa = PBXBuildFile; fileRef = BBBDD6A01E92F04E00FBC583 /* Assets.xcassets */; };
		BBBDD6A41E92F04E00FBC583 /* LaunchScreen.storyboard in Resources */ = {isa = PBXBuildFile; fileRef = BBBDD6A21E92F04E00FBC583 /* LaunchScreen.storyboard */; };
		BBBDD6BA1E92F04E00FBC583 /* BoulderingGuidesUITests.swift in Sources */ = {isa = PBXBuildFile; fileRef = BBBDD6B91E92F04E00FBC583 /* BoulderingGuidesUITests.swift */; };
		BBBDD6CC1E92F85300FBC583 /* Areas.json in Resources */ = {isa = PBXBuildFile; fileRef = BBBDD6CB1E92F85300FBC583 /* Areas.json */; };
		BBBDD6D01E93062500FBC583 /* AreasTest.swift in Sources */ = {isa = PBXBuildFile; fileRef = BBBDD6CF1E93062500FBC583 /* AreasTest.swift */; };
		BBBDD6DA1E969CB100FBC583 /* ClusterTest.swift in Sources */ = {isa = PBXBuildFile; fileRef = BBBDD6D91E969CB100FBC583 /* ClusterTest.swift */; };
		BBD23F6921782991006B08E8 /* Burning Rubber Necklace.jpg in Resources */ = {isa = PBXBuildFile; fileRef = BBD23F6821782991006B08E8 /* Burning Rubber Necklace.jpg */; };
		BBD90A4C2179717600BC0B9A /* Celestial Trail.jpg in Resources */ = {isa = PBXBuildFile; fileRef = BBD90A4A2179717500BC0B9A /* Celestial Trail.jpg */; };
		BBD90A4D2179717600BC0B9A /* Comfort of Home.jpg in Resources */ = {isa = PBXBuildFile; fileRef = BBD90A4B2179717600BC0B9A /* Comfort of Home.jpg */; };
		BBEC0BEE1E9D567900FB1EE6 /* RouteTest.swift in Sources */ = {isa = PBXBuildFile; fileRef = BBEC0BED1E9D567900FB1EE6 /* RouteTest.swift */; };
		BBEC0BF01E9D5C7600FB1EE6 /* BoulderViewControllerTest.swift in Sources */ = {isa = PBXBuildFile; fileRef = BBEC0BEF1E9D5C7600FB1EE6 /* BoulderViewControllerTest.swift */; };
		BBEC0BFF1E9D90A100FB1EE6 /* AreaTest.swift in Sources */ = {isa = PBXBuildFile; fileRef = BBEC0BFE1E9D90A100FB1EE6 /* AreaTest.swift */; };
		BBEF92BB1EE36F0F00E1781A /* Areas.swift in Sources */ = {isa = PBXBuildFile; fileRef = BBEF92BA1EE36F0F00E1781A /* Areas.swift */; };
		BBEF92BD1EE36F5800E1781A /* Area.swift in Sources */ = {isa = PBXBuildFile; fileRef = BBEF92BC1EE36F5800E1781A /* Area.swift */; };
		BBEF92BF1EE36F7B00E1781A /* Boulder.swift in Sources */ = {isa = PBXBuildFile; fileRef = BBEF92BE1EE36F7B00E1781A /* Boulder.swift */; };
		BBEF92C11EE36FA000E1781A /* Cluster.swift in Sources */ = {isa = PBXBuildFile; fileRef = BBEF92C01EE36FA000E1781A /* Cluster.swift */; };
		BBEF92C31EE36FC100E1781A /* Route.swift in Sources */ = {isa = PBXBuildFile; fileRef = BBEF92C21EE36FC100E1781A /* Route.swift */; };
		BBEF92C51EE36FFD00E1781A /* RouteTableViewCell.swift in Sources */ = {isa = PBXBuildFile; fileRef = BBEF92C41EE36FFD00E1781A /* RouteTableViewCell.swift */; };
		BBEF92C71EE370A300E1781A /* AreaMapViewController.swift in Sources */ = {isa = PBXBuildFile; fileRef = BBEF92C61EE370A300E1781A /* AreaMapViewController.swift */; };
		BBEF92C91EE370D200E1781A /* BoulderView.xib in Resources */ = {isa = PBXBuildFile; fileRef = BBEF92C81EE370D200E1781A /* BoulderView.xib */; };
		BBEF92CB1EE3710F00E1781A /* BoulderViewController.swift in Sources */ = {isa = PBXBuildFile; fileRef = BBEF92CA1EE3710F00E1781A /* BoulderViewController.swift */; };
		BBEF92CD1EE3715A00E1781A /* ClusterView.xib in Resources */ = {isa = PBXBuildFile; fileRef = BBEF92CC1EE3715A00E1781A /* ClusterView.xib */; };
		BBEF92CF1EE3719200E1781A /* ClusterViewController.swift in Sources */ = {isa = PBXBuildFile; fileRef = BBEF92CE1EE3719200E1781A /* ClusterViewController.swift */; };
		BBEF92D11EE371CC00E1781A /* MainTableView.xib in Resources */ = {isa = PBXBuildFile; fileRef = BBEF92D01EE371CC00E1781A /* MainTableView.xib */; };
		BBEF92D31EE371FE00E1781A /* MapView.xib in Resources */ = {isa = PBXBuildFile; fileRef = BBEF92D21EE371FE00E1781A /* MapView.xib */; };
		BBEF92D51EE3720D00E1781A /* MainTableViewController.swift in Sources */ = {isa = PBXBuildFile; fileRef = BBEF92D41EE3720D00E1781A /* MainTableViewController.swift */; };
		BBEF92D71EE3724B00E1781A /* NavigationMapViewController.swift in Sources */ = {isa = PBXBuildFile; fileRef = BBEF92D61EE3724B00E1781A /* NavigationMapViewController.swift */; };
		BBEF92D91EE3726F00E1781A /* MapViewController.swift in Sources */ = {isa = PBXBuildFile; fileRef = BBEF92D81EE3726F00E1781A /* MapViewController.swift */; };
		BBEF92DD1EE372D400E1781A /* RoutesView.xib in Resources */ = {isa = PBXBuildFile; fileRef = BBEF92DC1EE372D400E1781A /* RoutesView.xib */; };
		BBEF92DF1EE3730500E1781A /* RouteView.xib in Resources */ = {isa = PBXBuildFile; fileRef = BBEF92DE1EE3730500E1781A /* RouteView.xib */; };
		BBEF92E11EE3737100E1781A /* RoutesViewController.swift in Sources */ = {isa = PBXBuildFile; fileRef = BBEF92E01EE3737100E1781A /* RoutesViewController.swift */; };
		BBEF92E31EE373D300E1781A /* RouteViewController.swift in Sources */ = {isa = PBXBuildFile; fileRef = BBEF92E21EE373D300E1781A /* RouteViewController.swift */; };
		BBEF92E51EE3740200E1781A /* TabBar.xib in Resources */ = {isa = PBXBuildFile; fileRef = BBEF92E41EE3740200E1781A /* TabBar.xib */; };
		BBEF92E71EE3743F00E1781A /* TabBarController.swift in Sources */ = {isa = PBXBuildFile; fileRef = BBEF92E61EE3743F00E1781A /* TabBarController.swift */; };
		BBF7C9A420B0A50000BAE2CF /* Pocket Traverse.png in Resources */ = {isa = PBXBuildFile; fileRef = BBF7C9A320B0A4FF00BAE2CF /* Pocket Traverse.png */; };
		BBF7C9A620B0AA9200BAE2CF /* Spiral Traverse.png in Resources */ = {isa = PBXBuildFile; fileRef = BBF7C9A520B0AA9200BAE2CF /* Spiral Traverse.png */; };
		BBF7C9A820B0B22A00BAE2CF /* Spiral Direct.png in Resources */ = {isa = PBXBuildFile; fileRef = BBF7C9A720B0B22900BAE2CF /* Spiral Direct.png */; };
		BBF7C9AA20B0B5AD00BAE2CF /* Borealis.png in Resources */ = {isa = PBXBuildFile; fileRef = BBF7C9A920B0B5AD00BAE2CF /* Borealis.png */; };
		BBF7C9AC20B0B79400BAE2CF /* Chouinards Slab.png in Resources */ = {isa = PBXBuildFile; fileRef = BBF7C9AB20B0B79400BAE2CF /* Chouinards Slab.png */; };
		BBF7C9AE20B0B9EF00BAE2CF /* Slap.png in Resources */ = {isa = PBXBuildFile; fileRef = BBF7C9AD20B0B9EF00BAE2CF /* Slap.png */; };
		BBF7C9B020B0BB5900BAE2CF /* Boulder 1.png in Resources */ = {isa = PBXBuildFile; fileRef = BBF7C9AF20B0BB5900BAE2CF /* Boulder 1.png */; };
		BBF7C9B220B0BC0C00BAE2CF /* Boot Flake.png in Resources */ = {isa = PBXBuildFile; fileRef = BBF7C9B120B0BC0C00BAE2CF /* Boot Flake.png */; };
		BBF7C9B420B0BDF000BAE2CF /* Slant Rock.png in Resources */ = {isa = PBXBuildFile; fileRef = BBF7C9B320B0BDF000BAE2CF /* Slant Rock.png */; };
		BBF7C9B620B0C23100BAE2CF /* Slant Rock Face.png in Resources */ = {isa = PBXBuildFile; fileRef = BBF7C9B520B0C23100BAE2CF /* Slant Rock Face.png */; };
		BBF7C9B820B0C3DC00BAE2CF /* Slant Flake.png in Resources */ = {isa = PBXBuildFile; fileRef = BBF7C9B720B0C3DB00BAE2CF /* Slant Flake.png */; };
		BBF7C9BA20B0C4A200BAE2CF /* Pile Ups.png in Resources */ = {isa = PBXBuildFile; fileRef = BBF7C9B920B0C4A200BAE2CF /* Pile Ups.png */; };
/* End PBXBuildFile section */

/* Begin PBXContainerItemProxy section */
		BBBDD6AB1E92F04E00FBC583 /* PBXContainerItemProxy */ = {
			isa = PBXContainerItemProxy;
			containerPortal = BBBDD68E1E92F04E00FBC583 /* Project object */;
			proxyType = 1;
			remoteGlobalIDString = BBBDD6951E92F04E00FBC583;
			remoteInfo = BoulderingGuides;
		};
		BBBDD6B61E92F04E00FBC583 /* PBXContainerItemProxy */ = {
			isa = PBXContainerItemProxy;
			containerPortal = BBBDD68E1E92F04E00FBC583 /* Project object */;
			proxyType = 1;
			remoteGlobalIDString = BBBDD6951E92F04E00FBC583;
			remoteInfo = BoulderingGuides;
		};
/* End PBXContainerItemProxy section */

/* Begin PBXFileReference section */
		BB0606BC20B0756500B465F1 /* Ummagumma.png */ = {isa = PBXFileReference; lastKnownFileType = image.png; name = Ummagumma.png; path = Photos/Ummagumma.png; sourceTree = "<group>"; };
		BB0606BE20B0874200B465F1 /* Face Problem.png */ = {isa = PBXFileReference; lastKnownFileType = image.png; name = "Face Problem.png"; path = "Photos/Face Problem.png"; sourceTree = "<group>"; };
		BB0606C020B0911300B465F1 /* Boulder Behind Ummagumma.png */ = {isa = PBXFileReference; lastKnownFileType = image.png; name = "Boulder Behind Ummagumma.png"; path = "Photos/Boulder Behind Ummagumma.png"; sourceTree = "<group>"; };
		BB0606C220B0985400B465F1 /* Mommys Boys.png */ = {isa = PBXFileReference; lastKnownFileType = image.png; name = "Mommys Boys.png"; path = "Photos/Mommys Boys.png"; sourceTree = "<group>"; };
		BB0606C420B09A3700B465F1 /* Mommys Boy Left.png */ = {isa = PBXFileReference; lastKnownFileType = image.png; name = "Mommys Boy Left.png"; path = "Photos/Mommys Boy Left.png"; sourceTree = "<group>"; };
		BB0606C620B09B9200B465F1 /* Mommys Boy Center.png */ = {isa = PBXFileReference; lastKnownFileType = image.png; name = "Mommys Boy Center.png"; path = "Photos/Mommys Boy Center.png"; sourceTree = "<group>"; };
		BB0606C820B09D2B00B465F1 /* Mommys Boy Right.png */ = {isa = PBXFileReference; lastKnownFileType = image.png; name = "Mommys Boy Right.png"; path = "Photos/Mommys Boy Right.png"; sourceTree = "<group>"; };
		BB0606CA20B0A0A200B465F1 /* Yabo Dyno.png */ = {isa = PBXFileReference; lastKnownFileType = image.png; name = "Yabo Dyno.png"; path = "Photos/Yabo Dyno.png"; sourceTree = "<group>"; };
		BB1B79041EE32F07009AF545 /* Thin Crack.jpg */ = {isa = PBXFileReference; lastKnownFileType = image.jpeg; name = "Thin Crack.jpg"; path = "Photos/Thin Crack.jpg"; sourceTree = "<group>"; };
		BB1B79061EE330A3009AF545 /* Barndoor Arete.jpg */ = {isa = PBXFileReference; lastKnownFileType = image.jpeg; name = "Barndoor Arete.jpg"; path = "Photos/Barndoor Arete.jpg"; sourceTree = "<group>"; };
		BB1B79081EE3341C009AF545 /* Sword of Damocles.jpg */ = {isa = PBXFileReference; lastKnownFileType = image.jpeg; name = "Sword of Damocles.jpg"; path = "Photos/Sword of Damocles.jpg"; sourceTree = "<group>"; };
		BB1B790A1EE33D66009AF545 /* Zacks Roof.jpg */ = {isa = PBXFileReference; lastKnownFileType = image.jpeg; name = "Zacks Roof.jpg"; path = "Photos/Zacks Roof.jpg"; sourceTree = "<group>"; };
		BB1B790C1EE33FB4009AF545 /* Victor Boulder.jpg */ = {isa = PBXFileReference; lastKnownFileType = image.jpeg; name = "Victor Boulder.jpg"; path = "Photos/Victor Boulder.jpg"; sourceTree = "<group>"; };
		BB1B790E1EE34319009AF545 /* The Great Curve.jpg */ = {isa = PBXFileReference; lastKnownFileType = image.jpeg; name = "The Great Curve.jpg"; path = "Photos/The Great Curve.jpg"; sourceTree = "<group>"; };
		BB33C2F0218F48B80025371D /* list.png */ = {isa = PBXFileReference; lastKnownFileType = image.png; name = list.png; path = BoulderingGuides/Resources/list.png; sourceTree = SOURCE_ROOT; };
		BB33C2F1218F48B90025371D /* list@2x.png */ = {isa = PBXFileReference; lastKnownFileType = image.png; name = "list@2x.png"; path = "BoulderingGuides/Resources/list@2x.png"; sourceTree = SOURCE_ROOT; };
		BB33C2F2218F48B90025371D /* list@3x.png */ = {isa = PBXFileReference; lastKnownFileType = image.png; name = "list@3x.png"; path = "BoulderingGuides/Resources/list@3x.png"; sourceTree = SOURCE_ROOT; };
		BB33C2F6218F4A840025371D /* location@2x.png */ = {isa = PBXFileReference; lastKnownFileType = image.png; name = "location@2x.png"; path = "BoulderingGuides/Resources/location@2x.png"; sourceTree = SOURCE_ROOT; };
		BB33C2F7218F4A840025371D /* location@3x.png */ = {isa = PBXFileReference; lastKnownFileType = image.png; name = "location@3x.png"; path = "BoulderingGuides/Resources/location@3x.png"; sourceTree = SOURCE_ROOT; };
		BB33C2F8218F4A840025371D /* location.png */ = {isa = PBXFileReference; lastKnownFileType = image.png; name = location.png; path = BoulderingGuides/Resources/location.png; sourceTree = SOURCE_ROOT; };
		BB33C2FC218F72FB0025371D /* Hero Roof.png */ = {isa = PBXFileReference; lastKnownFileType = image.png; name = "Hero Roof.png"; path = "Photos/Hero Roof.png"; sourceTree = "<group>"; };
		BB33C2FE218F94AE0025371D /* iron_man_traverse.png */ = {isa = PBXFileReference; lastKnownFileType = image.png; name = iron_man_traverse.png; path = Photos/iron_man_traverse.png; sourceTree = "<group>"; };
		BB33C33C21922E400025371D /* and_the_holy_spirit_amen.png */ = {isa = PBXFileReference; lastKnownFileType = image.png; name = and_the_holy_spirit_amen.png; path = Photos/and_the_holy_spirit_amen.png; sourceTree = "<group>"; };
		BB33C33E21922F150025371D /* arbor_days.png */ = {isa = PBXFileReference; lastKnownFileType = image.png; name = arbor_days.png; path = Photos/arbor_days.png; sourceTree = "<group>"; };
		BB33C34021922F8E0025371D /* better_bold_than_old.png */ = {isa = PBXFileReference; lastKnownFileType = image.png; name = better_bold_than_old.png; path = Photos/better_bold_than_old.png; sourceTree = "<group>"; };
		BB33C342219230190025371D /* y_crack.png */ = {isa = PBXFileReference; lastKnownFileType = image.png; name = y_crack.png; path = Photos/y_crack.png; sourceTree = "<group>"; };
		BB33C344219232490025371D /* opposition_movement.png */ = {isa = PBXFileReference; lastKnownFileType = image.png; name = opposition_movement.png; path = Photos/opposition_movement.png; sourceTree = "<group>"; };
		BB33C346219232F60025371D /* unnamed_1.png */ = {isa = PBXFileReference; lastKnownFileType = image.png; name = unnamed_1.png; path = Photos/unnamed_1.png; sourceTree = "<group>"; };
		BB33C347219232F60025371D /* unnamed_2.png */ = {isa = PBXFileReference; lastKnownFileType = image.png; name = unnamed_2.png; path = Photos/unnamed_2.png; sourceTree = "<group>"; };
		BB33C34A2192340D0025371D /* defroster.png */ = {isa = PBXFileReference; lastKnownFileType = image.png; name = defroster.png; path = Photos/defroster.png; sourceTree = "<group>"; };
		BB33C34C219234C80025371D /* the_refigerator.png */ = {isa = PBXFileReference; lastKnownFileType = image.png; name = the_refigerator.png; path = Photos/the_refigerator.png; sourceTree = "<group>"; };
		BB33C34E2192358F0025371D /* holy_water_boulder.png */ = {isa = PBXFileReference; lastKnownFileType = image.png; name = holy_water_boulder.png; path = Photos/holy_water_boulder.png; sourceTree = "<group>"; };
		BB3CEC7820A88879006E2BD4 /* adams_rib.png */ = {isa = PBXFileReference; lastKnownFileType = image.png; name = adams_rib.png; path = Photos/adams_rib.png; sourceTree = "<group>"; };
		BB3CEC7A20A88A8E006E2BD4 /* rhythym_and_the_heat.png */ = {isa = PBXFileReference; lastKnownFileType = image.png; name = rhythym_and_the_heat.png; path = Photos/rhythym_and_the_heat.png; sourceTree = "<group>"; };
		BB3CEC7C20A88B9B006E2BD4 /* Teflon President.png */ = {isa = PBXFileReference; lastKnownFileType = image.png; name = "Teflon President.png"; path = "Photos/Teflon President.png"; sourceTree = "<group>"; };
		BB3CEC7E20A88CD9006E2BD4 /* Teflon Boulder.png */ = {isa = PBXFileReference; lastKnownFileType = image.png; name = "Teflon Boulder.png"; path = "Photos/Teflon Boulder.png"; sourceTree = "<group>"; };
		BB3CEC8020A88E00006E2BD4 /* Not Teflon President.png */ = {isa = PBXFileReference; lastKnownFileType = image.png; name = "Not Teflon President.png"; path = "Photos/Not Teflon President.png"; sourceTree = "<group>"; };
		BB3CEC8220A88ECC006E2BD4 /* Teflon Arete.png */ = {isa = PBXFileReference; lastKnownFileType = image.png; name = "Teflon Arete.png"; path = "Photos/Teflon Arete.png"; sourceTree = "<group>"; };
		BB3CEC8420A89F57006E2BD4 /* Mr Ed.png */ = {isa = PBXFileReference; lastKnownFileType = image.png; name = "Mr Ed.png"; path = "Photos/Mr Ed.png"; sourceTree = "<group>"; };
		BB3CEC8620A8A0F3006E2BD4 /* Credit Card Lover.png */ = {isa = PBXFileReference; lastKnownFileType = image.png; name = "Credit Card Lover.png"; path = "Photos/Credit Card Lover.png"; sourceTree = "<group>"; };
		BB3CEC8820A8A314006E2BD4 /* Horse Farts.png */ = {isa = PBXFileReference; lastKnownFileType = image.png; name = "Horse Farts.png"; path = "Photos/Horse Farts.png"; sourceTree = "<group>"; };
		BB3CEC8A20A8D176006E2BD4 /* AreaView.xib */ = {isa = PBXFileReference; lastKnownFileType = file.xib; path = AreaView.xib; sourceTree = "<group>"; };
		BB3CEC8C20A8D1A2006E2BD4 /* AreaViewController.swift */ = {isa = PBXFileReference; lastKnownFileType = sourcecode.swift; path = AreaViewController.swift; sourceTree = "<group>"; };
		BB90B47A217AC0E200DBECE4 /* Unnamed.jpg */ = {isa = PBXFileReference; lastKnownFileType = image.jpeg; name = Unnamed.jpg; path = Photos/Unnamed.jpg; sourceTree = "<group>"; };
		BB90B47C217AC1CB00DBECE4 /* Warm Up.jpg */ = {isa = PBXFileReference; lastKnownFileType = image.jpeg; name = "Warm Up.jpg"; path = "Photos/Warm Up.jpg"; sourceTree = "<group>"; };
		BB90B47E217AC2E500DBECE4 /* Happy Hooker.jpg */ = {isa = PBXFileReference; lastKnownFileType = image.jpeg; name = "Happy Hooker.jpg"; path = "Photos/Happy Hooker.jpg"; sourceTree = "<group>"; };
		BB90B480217AC3E400DBECE4 /* Western Round Up.jpg */ = {isa = PBXFileReference; lastKnownFileType = image.jpeg; name = "Western Round Up.jpg"; path = "Photos/Western Round Up.jpg"; sourceTree = "<group>"; };
		BBA3C8631E9E7BAA0037ED09 /* swiss_cheese.jpg */ = {isa = PBXFileReference; lastKnownFileType = image.jpeg; name = swiss_cheese.jpg; path = Photos/swiss_cheese.jpg; sourceTree = "<group>"; };
		BBA3C8661E9E9EF70037ED09 /* golf_boulder.jpg */ = {isa = PBXFileReference; lastKnownFileType = image.jpeg; name = golf_boulder.jpg; path = Photos/golf_boulder.jpg; sourceTree = "<group>"; };
		BBA3C8681E9EA2A40037ED09 /* Unknown2.jpg */ = {isa = PBXFileReference; lastKnownFileType = image.jpeg; name = Unknown2.jpg; path = Photos/Unknown2.jpg; sourceTree = "<group>"; };
		BBA3C86A1E9EDC4F0037ED09 /* The Falcon.jpg */ = {isa = PBXFileReference; lastKnownFileType = image.jpeg; name = "The Falcon.jpg"; path = "Photos/The Falcon.jpg"; sourceTree = "<group>"; };
		BBA3C86E1E9EE8B50037ED09 /* Eriksson Problem.jpg */ = {isa = PBXFileReference; lastKnownFileType = image.jpeg; name = "Eriksson Problem.jpg"; path = "Photos/Eriksson Problem.jpg"; sourceTree = "<group>"; };
		BBBDD6961E92F04E00FBC583 /* BoulderingGuides.app */ = {isa = PBXFileReference; explicitFileType = wrapper.application; includeInIndex = 0; path = BoulderingGuides.app; sourceTree = BUILT_PRODUCTS_DIR; };
		BBBDD6991E92F04E00FBC583 /* AppDelegate.swift */ = {isa = PBXFileReference; lastKnownFileType = sourcecode.swift; path = AppDelegate.swift; sourceTree = "<group>"; };
		BBBDD6A01E92F04E00FBC583 /* Assets.xcassets */ = {isa = PBXFileReference; lastKnownFileType = folder.assetcatalog; path = Assets.xcassets; sourceTree = "<group>"; };
		BBBDD6A31E92F04E00FBC583 /* Base */ = {isa = PBXFileReference; lastKnownFileType = file.storyboard; name = Base; path = Base.lproj/LaunchScreen.storyboard; sourceTree = "<group>"; };
		BBBDD6A51E92F04E00FBC583 /* Info.plist */ = {isa = PBXFileReference; lastKnownFileType = text.plist.xml; path = Info.plist; sourceTree = "<group>"; };
		BBBDD6AA1E92F04E00FBC583 /* BoulderingGuidesTests.xctest */ = {isa = PBXFileReference; explicitFileType = wrapper.cfbundle; includeInIndex = 0; path = BoulderingGuidesTests.xctest; sourceTree = BUILT_PRODUCTS_DIR; };
		BBBDD6B01E92F04E00FBC583 /* Info.plist */ = {isa = PBXFileReference; lastKnownFileType = text.plist.xml; path = Info.plist; sourceTree = "<group>"; };
		BBBDD6B51E92F04E00FBC583 /* BoulderingGuidesUITests.xctest */ = {isa = PBXFileReference; explicitFileType = wrapper.cfbundle; includeInIndex = 0; path = BoulderingGuidesUITests.xctest; sourceTree = BUILT_PRODUCTS_DIR; };
		BBBDD6B91E92F04E00FBC583 /* BoulderingGuidesUITests.swift */ = {isa = PBXFileReference; lastKnownFileType = sourcecode.swift; path = BoulderingGuidesUITests.swift; sourceTree = "<group>"; };
		BBBDD6BB1E92F04E00FBC583 /* Info.plist */ = {isa = PBXFileReference; lastKnownFileType = text.plist.xml; path = Info.plist; sourceTree = "<group>"; };
		BBBDD6CB1E92F85300FBC583 /* Areas.json */ = {isa = PBXFileReference; fileEncoding = 4; lastKnownFileType = text.json; path = Areas.json; sourceTree = "<group>"; };
		BBBDD6CF1E93062500FBC583 /* AreasTest.swift */ = {isa = PBXFileReference; fileEncoding = 4; lastKnownFileType = sourcecode.swift; path = AreasTest.swift; sourceTree = "<group>"; };
		BBBDD6D91E969CB100FBC583 /* ClusterTest.swift */ = {isa = PBXFileReference; fileEncoding = 4; lastKnownFileType = sourcecode.swift; path = ClusterTest.swift; sourceTree = "<group>"; };
		BBD23F6821782991006B08E8 /* Burning Rubber Necklace.jpg */ = {isa = PBXFileReference; lastKnownFileType = image.jpeg; name = "Burning Rubber Necklace.jpg"; path = "Photos/Burning Rubber Necklace.jpg"; sourceTree = "<group>"; };
		BBD90A4A2179717500BC0B9A /* Celestial Trail.jpg */ = {isa = PBXFileReference; lastKnownFileType = image.jpeg; name = "Celestial Trail.jpg"; path = "Photos/Celestial Trail.jpg"; sourceTree = "<group>"; };
		BBD90A4B2179717600BC0B9A /* Comfort of Home.jpg */ = {isa = PBXFileReference; lastKnownFileType = image.jpeg; name = "Comfort of Home.jpg"; path = "Photos/Comfort of Home.jpg"; sourceTree = "<group>"; };
		BBEC0BED1E9D567900FB1EE6 /* RouteTest.swift */ = {isa = PBXFileReference; fileEncoding = 4; lastKnownFileType = sourcecode.swift; path = RouteTest.swift; sourceTree = "<group>"; };
		BBEC0BEF1E9D5C7600FB1EE6 /* BoulderViewControllerTest.swift */ = {isa = PBXFileReference; fileEncoding = 4; lastKnownFileType = sourcecode.swift; path = BoulderViewControllerTest.swift; sourceTree = "<group>"; };
		BBEC0BFE1E9D90A100FB1EE6 /* AreaTest.swift */ = {isa = PBXFileReference; fileEncoding = 4; lastKnownFileType = sourcecode.swift; path = AreaTest.swift; sourceTree = "<group>"; };
		BBEF92BA1EE36F0F00E1781A /* Areas.swift */ = {isa = PBXFileReference; fileEncoding = 4; lastKnownFileType = sourcecode.swift; name = Areas.swift; path = Models/Areas.swift; sourceTree = "<group>"; };
		BBEF92BC1EE36F5800E1781A /* Area.swift */ = {isa = PBXFileReference; fileEncoding = 4; lastKnownFileType = sourcecode.swift; name = Area.swift; path = Models/Area.swift; sourceTree = "<group>"; };
		BBEF92BE1EE36F7B00E1781A /* Boulder.swift */ = {isa = PBXFileReference; fileEncoding = 4; lastKnownFileType = sourcecode.swift; name = Boulder.swift; path = Models/Boulder.swift; sourceTree = "<group>"; };
		BBEF92C01EE36FA000E1781A /* Cluster.swift */ = {isa = PBXFileReference; fileEncoding = 4; lastKnownFileType = sourcecode.swift; name = Cluster.swift; path = Models/Cluster.swift; sourceTree = "<group>"; };
		BBEF92C21EE36FC100E1781A /* Route.swift */ = {isa = PBXFileReference; fileEncoding = 4; lastKnownFileType = sourcecode.swift; name = Route.swift; path = Models/Route.swift; sourceTree = "<group>"; };
		BBEF92C41EE36FFD00E1781A /* RouteTableViewCell.swift */ = {isa = PBXFileReference; fileEncoding = 4; lastKnownFileType = sourcecode.swift; name = RouteTableViewCell.swift; path = Views/RouteTableViewCell.swift; sourceTree = "<group>"; };
		BBEF92C61EE370A300E1781A /* AreaMapViewController.swift */ = {isa = PBXFileReference; fileEncoding = 4; lastKnownFileType = sourcecode.swift; name = AreaMapViewController.swift; path = Controllers/AreaMapViewController.swift; sourceTree = "<group>"; };
		BBEF92C81EE370D200E1781A /* BoulderView.xib */ = {isa = PBXFileReference; fileEncoding = 4; lastKnownFileType = file.xib; name = BoulderView.xib; path = Controllers/BoulderView.xib; sourceTree = "<group>"; };
		BBEF92CA1EE3710F00E1781A /* BoulderViewController.swift */ = {isa = PBXFileReference; fileEncoding = 4; lastKnownFileType = sourcecode.swift; name = BoulderViewController.swift; path = Controllers/BoulderViewController.swift; sourceTree = "<group>"; };
		BBEF92CC1EE3715A00E1781A /* ClusterView.xib */ = {isa = PBXFileReference; fileEncoding = 4; lastKnownFileType = file.xib; name = ClusterView.xib; path = Controllers/ClusterView.xib; sourceTree = "<group>"; };
		BBEF92CE1EE3719200E1781A /* ClusterViewController.swift */ = {isa = PBXFileReference; fileEncoding = 4; lastKnownFileType = sourcecode.swift; name = ClusterViewController.swift; path = Controllers/ClusterViewController.swift; sourceTree = "<group>"; };
		BBEF92D01EE371CC00E1781A /* MainTableView.xib */ = {isa = PBXFileReference; fileEncoding = 4; lastKnownFileType = file.xib; name = MainTableView.xib; path = Controllers/MainTableView.xib; sourceTree = "<group>"; };
		BBEF92D21EE371FE00E1781A /* MapView.xib */ = {isa = PBXFileReference; fileEncoding = 4; lastKnownFileType = file.xib; name = MapView.xib; path = Controllers/MapView.xib; sourceTree = "<group>"; };
		BBEF92D41EE3720D00E1781A /* MainTableViewController.swift */ = {isa = PBXFileReference; fileEncoding = 4; lastKnownFileType = sourcecode.swift; name = MainTableViewController.swift; path = Controllers/MainTableViewController.swift; sourceTree = "<group>"; };
		BBEF92D61EE3724B00E1781A /* NavigationMapViewController.swift */ = {isa = PBXFileReference; fileEncoding = 4; lastKnownFileType = sourcecode.swift; name = NavigationMapViewController.swift; path = Controllers/NavigationMapViewController.swift; sourceTree = "<group>"; };
		BBEF92D81EE3726F00E1781A /* MapViewController.swift */ = {isa = PBXFileReference; fileEncoding = 4; lastKnownFileType = sourcecode.swift; name = MapViewController.swift; path = Controllers/MapViewController.swift; sourceTree = "<group>"; };
		BBEF92DC1EE372D400E1781A /* RoutesView.xib */ = {isa = PBXFileReference; fileEncoding = 4; lastKnownFileType = file.xib; name = RoutesView.xib; path = Controllers/RoutesView.xib; sourceTree = "<group>"; };
		BBEF92DE1EE3730500E1781A /* RouteView.xib */ = {isa = PBXFileReference; fileEncoding = 4; lastKnownFileType = file.xib; name = RouteView.xib; path = Controllers/RouteView.xib; sourceTree = "<group>"; };
		BBEF92E01EE3737100E1781A /* RoutesViewController.swift */ = {isa = PBXFileReference; fileEncoding = 4; lastKnownFileType = sourcecode.swift; name = RoutesViewController.swift; path = Controllers/RoutesViewController.swift; sourceTree = "<group>"; };
		BBEF92E21EE373D300E1781A /* RouteViewController.swift */ = {isa = PBXFileReference; fileEncoding = 4; lastKnownFileType = sourcecode.swift; name = RouteViewController.swift; path = Controllers/RouteViewController.swift; sourceTree = "<group>"; };
		BBEF92E41EE3740200E1781A /* TabBar.xib */ = {isa = PBXFileReference; fileEncoding = 4; lastKnownFileType = file.xib; name = TabBar.xib; path = Controllers/TabBar.xib; sourceTree = "<group>"; };
		BBEF92E61EE3743F00E1781A /* TabBarController.swift */ = {isa = PBXFileReference; fileEncoding = 4; lastKnownFileType = sourcecode.swift; name = TabBarController.swift; path = Controllers/TabBarController.swift; sourceTree = "<group>"; };
		BBF7C9A320B0A4FF00BAE2CF /* Pocket Traverse.png */ = {isa = PBXFileReference; lastKnownFileType = image.png; name = "Pocket Traverse.png"; path = "Photos/Pocket Traverse.png"; sourceTree = "<group>"; };
		BBF7C9A520B0AA9200BAE2CF /* Spiral Traverse.png */ = {isa = PBXFileReference; lastKnownFileType = image.png; name = "Spiral Traverse.png"; path = "Photos/Spiral Traverse.png"; sourceTree = "<group>"; };
		BBF7C9A720B0B22900BAE2CF /* Spiral Direct.png */ = {isa = PBXFileReference; lastKnownFileType = image.png; name = "Spiral Direct.png"; path = "Photos/Spiral Direct.png"; sourceTree = "<group>"; };
		BBF7C9A920B0B5AD00BAE2CF /* Borealis.png */ = {isa = PBXFileReference; lastKnownFileType = image.png; name = Borealis.png; path = Photos/Borealis.png; sourceTree = "<group>"; };
		BBF7C9AB20B0B79400BAE2CF /* Chouinards Slab.png */ = {isa = PBXFileReference; lastKnownFileType = image.png; name = "Chouinards Slab.png"; path = "Photos/Chouinards Slab.png"; sourceTree = "<group>"; };
		BBF7C9AD20B0B9EF00BAE2CF /* Slap.png */ = {isa = PBXFileReference; lastKnownFileType = image.png; name = Slap.png; path = Photos/Slap.png; sourceTree = "<group>"; };
		BBF7C9AF20B0BB5900BAE2CF /* Boulder 1.png */ = {isa = PBXFileReference; lastKnownFileType = image.png; name = "Boulder 1.png"; path = "Photos/Boulder 1.png"; sourceTree = "<group>"; };
		BBF7C9B120B0BC0C00BAE2CF /* Boot Flake.png */ = {isa = PBXFileReference; lastKnownFileType = image.png; name = "Boot Flake.png"; path = "Photos/Boot Flake.png"; sourceTree = "<group>"; };
		BBF7C9B320B0BDF000BAE2CF /* Slant Rock.png */ = {isa = PBXFileReference; lastKnownFileType = image.png; name = "Slant Rock.png"; path = "Photos/Slant Rock.png"; sourceTree = "<group>"; };
		BBF7C9B520B0C23100BAE2CF /* Slant Rock Face.png */ = {isa = PBXFileReference; lastKnownFileType = image.png; name = "Slant Rock Face.png"; path = "Photos/Slant Rock Face.png"; sourceTree = "<group>"; };
		BBF7C9B720B0C3DB00BAE2CF /* Slant Flake.png */ = {isa = PBXFileReference; lastKnownFileType = image.png; name = "Slant Flake.png"; path = "Photos/Slant Flake.png"; sourceTree = "<group>"; };
		BBF7C9B920B0C4A200BAE2CF /* Pile Ups.png */ = {isa = PBXFileReference; lastKnownFileType = image.png; name = "Pile Ups.png"; path = "Photos/Pile Ups.png"; sourceTree = "<group>"; };
/* End PBXFileReference section */

/* Begin PBXFrameworksBuildPhase section */
		BBBDD6931E92F04E00FBC583 /* Frameworks */ = {
			isa = PBXFrameworksBuildPhase;
			buildActionMask = 2147483647;
			files = (
			);
			runOnlyForDeploymentPostprocessing = 0;
		};
		BBBDD6A71E92F04E00FBC583 /* Frameworks */ = {
			isa = PBXFrameworksBuildPhase;
			buildActionMask = 2147483647;
			files = (
			);
			runOnlyForDeploymentPostprocessing = 0;
		};
		BBBDD6B21E92F04E00FBC583 /* Frameworks */ = {
			isa = PBXFrameworksBuildPhase;
			buildActionMask = 2147483647;
			files = (
			);
			runOnlyForDeploymentPostprocessing = 0;
		};
/* End PBXFrameworksBuildPhase section */

/* Begin PBXGroup section */
		BB33C2EF218F489A0025371D /* Resources */ = {
			isa = PBXGroup;
			children = (
				BB33C2F8218F4A840025371D /* location.png */,
				BB33C2F6218F4A840025371D /* location@2x.png */,
				BB33C2F7218F4A840025371D /* location@3x.png */,
				BB33C2F0218F48B80025371D /* list.png */,
				BB33C2F1218F48B90025371D /* list@2x.png */,
				BB33C2F2218F48B90025371D /* list@3x.png */,
			);
			name = Resources;
			path = "New Group";
			sourceTree = "<group>";
		};
		BBA3C8601E9DA0F90037ED09 /* Controllers */ = {
			isa = PBXGroup;
			children = (
				BBEF92D21EE371FE00E1781A /* MapView.xib */,
				BBEF92C61EE370A300E1781A /* AreaMapViewController.swift */,
				BBEF92C81EE370D200E1781A /* BoulderView.xib */,
				BBEF92CA1EE3710F00E1781A /* BoulderViewController.swift */,
				BBEF92CC1EE3715A00E1781A /* ClusterView.xib */,
				BBEF92CE1EE3719200E1781A /* ClusterViewController.swift */,
				BBEF92D01EE371CC00E1781A /* MainTableView.xib */,
				BBEF92D41EE3720D00E1781A /* MainTableViewController.swift */,
				BBEF92D81EE3726F00E1781A /* MapViewController.swift */,
				BBEF92D61EE3724B00E1781A /* NavigationMapViewController.swift */,
				BBEF92DC1EE372D400E1781A /* RoutesView.xib */,
				BBEF92E01EE3737100E1781A /* RoutesViewController.swift */,
				BBEF92DE1EE3730500E1781A /* RouteView.xib */,
				BBEF92E21EE373D300E1781A /* RouteViewController.swift */,
				BBEF92E41EE3740200E1781A /* TabBar.xib */,
				BBEF92E61EE3743F00E1781A /* TabBarController.swift */,
				BB3CEC8A20A8D176006E2BD4 /* AreaView.xib */,
				BB3CEC8C20A8D1A2006E2BD4 /* AreaViewController.swift */,
			);
			name = Controllers;
			sourceTree = "<group>";
		};
		BBA3C8611E9DA1570037ED09 /* Models */ = {
			isa = PBXGroup;
			children = (
				BBEF92BC1EE36F5800E1781A /* Area.swift */,
				BBEF92BA1EE36F0F00E1781A /* Areas.swift */,
				BBEF92BE1EE36F7B00E1781A /* Boulder.swift */,
				BBEF92C01EE36FA000E1781A /* Cluster.swift */,
				BBEF92C21EE36FC100E1781A /* Route.swift */,
			);
			name = Models;
			sourceTree = "<group>";
		};
		BBA3C8621E9DA1890037ED09 /* Views */ = {
			isa = PBXGroup;
			children = (
				BBEF92C41EE36FFD00E1781A /* RouteTableViewCell.swift */,
			);
			name = Views;
			sourceTree = "<group>";
		};
		BBA3C8651E9E7BBF0037ED09 /* Photos */ = {
			isa = PBXGroup;
			children = (
				BB33C34E2192358F0025371D /* holy_water_boulder.png */,
				BB33C34C219234C80025371D /* the_refigerator.png */,
				BB33C34A2192340D0025371D /* defroster.png */,
				BB33C346219232F60025371D /* unnamed_1.png */,
				BB33C347219232F60025371D /* unnamed_2.png */,
				BB33C344219232490025371D /* opposition_movement.png */,
				BB33C342219230190025371D /* y_crack.png */,
				BB33C34021922F8E0025371D /* better_bold_than_old.png */,
				BB33C33E21922F150025371D /* arbor_days.png */,
				BB33C33C21922E400025371D /* and_the_holy_spirit_amen.png */,
				BB33C2FE218F94AE0025371D /* iron_man_traverse.png */,
				BB33C2FC218F72FB0025371D /* Hero Roof.png */,
				BB90B480217AC3E400DBECE4 /* Western Round Up.jpg */,
				BB90B47E217AC2E500DBECE4 /* Happy Hooker.jpg */,
				BB90B47C217AC1CB00DBECE4 /* Warm Up.jpg */,
				BB90B47A217AC0E200DBECE4 /* Unnamed.jpg */,
				BBD90A4A2179717500BC0B9A /* Celestial Trail.jpg */,
				BBD90A4B2179717600BC0B9A /* Comfort of Home.jpg */,
				BBD23F6821782991006B08E8 /* Burning Rubber Necklace.jpg */,
				BBF7C9B920B0C4A200BAE2CF /* Pile Ups.png */,
				BBF7C9B720B0C3DB00BAE2CF /* Slant Flake.png */,
				BBF7C9B520B0C23100BAE2CF /* Slant Rock Face.png */,
				BBF7C9B320B0BDF000BAE2CF /* Slant Rock.png */,
				BBF7C9B120B0BC0C00BAE2CF /* Boot Flake.png */,
				BBF7C9AF20B0BB5900BAE2CF /* Boulder 1.png */,
				BBF7C9AD20B0B9EF00BAE2CF /* Slap.png */,
				BBF7C9AB20B0B79400BAE2CF /* Chouinards Slab.png */,
				BBF7C9A920B0B5AD00BAE2CF /* Borealis.png */,
				BBF7C9A720B0B22900BAE2CF /* Spiral Direct.png */,
				BBF7C9A520B0AA9200BAE2CF /* Spiral Traverse.png */,
				BBF7C9A320B0A4FF00BAE2CF /* Pocket Traverse.png */,
				BB0606CA20B0A0A200B465F1 /* Yabo Dyno.png */,
				BB0606C820B09D2B00B465F1 /* Mommys Boy Right.png */,
				BB0606C620B09B9200B465F1 /* Mommys Boy Center.png */,
				BB0606C420B09A3700B465F1 /* Mommys Boy Left.png */,
				BB0606C220B0985400B465F1 /* Mommys Boys.png */,
				BB0606C020B0911300B465F1 /* Boulder Behind Ummagumma.png */,
				BB0606BE20B0874200B465F1 /* Face Problem.png */,
				BB0606BC20B0756500B465F1 /* Ummagumma.png */,
				BB3CEC8820A8A314006E2BD4 /* Horse Farts.png */,
				BB3CEC8620A8A0F3006E2BD4 /* Credit Card Lover.png */,
				BB3CEC8420A89F57006E2BD4 /* Mr Ed.png */,
				BB3CEC8220A88ECC006E2BD4 /* Teflon Arete.png */,
				BB3CEC8020A88E00006E2BD4 /* Not Teflon President.png */,
				BB3CEC7E20A88CD9006E2BD4 /* Teflon Boulder.png */,
				BB3CEC7C20A88B9B006E2BD4 /* Teflon President.png */,
				BB3CEC7A20A88A8E006E2BD4 /* rhythym_and_the_heat.png */,
				BB3CEC7820A88879006E2BD4 /* adams_rib.png */,
				BB1B790E1EE34319009AF545 /* The Great Curve.jpg */,
				BB1B790C1EE33FB4009AF545 /* Victor Boulder.jpg */,
				BB1B790A1EE33D66009AF545 /* Zacks Roof.jpg */,
				BB1B79081EE3341C009AF545 /* Sword of Damocles.jpg */,
				BB1B79061EE330A3009AF545 /* Barndoor Arete.jpg */,
				BB1B79041EE32F07009AF545 /* Thin Crack.jpg */,
				BBA3C86E1E9EE8B50037ED09 /* Eriksson Problem.jpg */,
				BBA3C86A1E9EDC4F0037ED09 /* The Falcon.jpg */,
				BBA3C8681E9EA2A40037ED09 /* Unknown2.jpg */,
				BBA3C8661E9E9EF70037ED09 /* golf_boulder.jpg */,
				BBA3C8631E9E7BAA0037ED09 /* swiss_cheese.jpg */,
			);
			name = Photos;
			sourceTree = "<group>";
		};
		BBBDD68D1E92F04E00FBC583 = {
			isa = PBXGroup;
			children = (
				BBBDD6981E92F04E00FBC583 /* BoulderingGuides */,
				BBBDD6AD1E92F04E00FBC583 /* BoulderingGuidesTests */,
				BBBDD6B81E92F04E00FBC583 /* BoulderingGuidesUITests */,
				BBBDD6971E92F04E00FBC583 /* Products */,
			);
			sourceTree = "<group>";
		};
		BBBDD6971E92F04E00FBC583 /* Products */ = {
			isa = PBXGroup;
			children = (
				BBBDD6961E92F04E00FBC583 /* BoulderingGuides.app */,
				BBBDD6AA1E92F04E00FBC583 /* BoulderingGuidesTests.xctest */,
				BBBDD6B51E92F04E00FBC583 /* BoulderingGuidesUITests.xctest */,
			);
			name = Products;
			sourceTree = "<group>";
		};
		BBBDD6981E92F04E00FBC583 /* BoulderingGuides */ = {
			isa = PBXGroup;
			children = (
				BB33C2EF218F489A0025371D /* Resources */,
				BBA3C8651E9E7BBF0037ED09 /* Photos */,
				BBA3C8601E9DA0F90037ED09 /* Controllers */,
				BBA3C8611E9DA1570037ED09 /* Models */,
				BBA3C8621E9DA1890037ED09 /* Views */,
				BBBDD6991E92F04E00FBC583 /* AppDelegate.swift */,
				BBBDD6A01E92F04E00FBC583 /* Assets.xcassets */,
				BBBDD6A21E92F04E00FBC583 /* LaunchScreen.storyboard */,
				BBBDD6A51E92F04E00FBC583 /* Info.plist */,
				BBBDD6CB1E92F85300FBC583 /* Areas.json */,
			);
			path = BoulderingGuides;
			sourceTree = "<group>";
		};
		BBBDD6AD1E92F04E00FBC583 /* BoulderingGuidesTests */ = {
			isa = PBXGroup;
			children = (
				BBBDD6B01E92F04E00FBC583 /* Info.plist */,
				BBBDD6CF1E93062500FBC583 /* AreasTest.swift */,
				BBEC0BFE1E9D90A100FB1EE6 /* AreaTest.swift */,
				BBEC0BEF1E9D5C7600FB1EE6 /* BoulderViewControllerTest.swift */,
				BBBDD6D91E969CB100FBC583 /* ClusterTest.swift */,
				BBEC0BED1E9D567900FB1EE6 /* RouteTest.swift */,
			);
			path = BoulderingGuidesTests;
			sourceTree = "<group>";
		};
		BBBDD6B81E92F04E00FBC583 /* BoulderingGuidesUITests */ = {
			isa = PBXGroup;
			children = (
				BBBDD6B91E92F04E00FBC583 /* BoulderingGuidesUITests.swift */,
				BBBDD6BB1E92F04E00FBC583 /* Info.plist */,
			);
			path = BoulderingGuidesUITests;
			sourceTree = "<group>";
		};
/* End PBXGroup section */

/* Begin PBXNativeTarget section */
		BBBDD6951E92F04E00FBC583 /* BoulderingGuides */ = {
			isa = PBXNativeTarget;
			buildConfigurationList = BBBDD6BE1E92F04E00FBC583 /* Build configuration list for PBXNativeTarget "BoulderingGuides" */;
			buildPhases = (
				BBBDD6921E92F04E00FBC583 /* Sources */,
				BBBDD6931E92F04E00FBC583 /* Frameworks */,
				BBBDD6941E92F04E00FBC583 /* Resources */,
			);
			buildRules = (
			);
			dependencies = (
			);
			name = BoulderingGuides;
			productName = BoulderingGuides;
			productReference = BBBDD6961E92F04E00FBC583 /* BoulderingGuides.app */;
			productType = "com.apple.product-type.application";
		};
		BBBDD6A91E92F04E00FBC583 /* BoulderingGuidesTests */ = {
			isa = PBXNativeTarget;
			buildConfigurationList = BBBDD6C11E92F04E00FBC583 /* Build configuration list for PBXNativeTarget "BoulderingGuidesTests" */;
			buildPhases = (
				BBBDD6A61E92F04E00FBC583 /* Sources */,
				BBBDD6A71E92F04E00FBC583 /* Frameworks */,
				BBBDD6A81E92F04E00FBC583 /* Resources */,
			);
			buildRules = (
			);
			dependencies = (
				BBBDD6AC1E92F04E00FBC583 /* PBXTargetDependency */,
			);
			name = BoulderingGuidesTests;
			productName = BoulderingGuidesTests;
			productReference = BBBDD6AA1E92F04E00FBC583 /* BoulderingGuidesTests.xctest */;
			productType = "com.apple.product-type.bundle.unit-test";
		};
		BBBDD6B41E92F04E00FBC583 /* BoulderingGuidesUITests */ = {
			isa = PBXNativeTarget;
			buildConfigurationList = BBBDD6C41E92F04E00FBC583 /* Build configuration list for PBXNativeTarget "BoulderingGuidesUITests" */;
			buildPhases = (
				BBBDD6B11E92F04E00FBC583 /* Sources */,
				BBBDD6B21E92F04E00FBC583 /* Frameworks */,
				BBBDD6B31E92F04E00FBC583 /* Resources */,
			);
			buildRules = (
			);
			dependencies = (
				BBBDD6B71E92F04E00FBC583 /* PBXTargetDependency */,
			);
			name = BoulderingGuidesUITests;
			productName = BoulderingGuidesUITests;
			productReference = BBBDD6B51E92F04E00FBC583 /* BoulderingGuidesUITests.xctest */;
			productType = "com.apple.product-type.bundle.ui-testing";
		};
/* End PBXNativeTarget section */

/* Begin PBXProject section */
		BBBDD68E1E92F04E00FBC583 /* Project object */ = {
			isa = PBXProject;
			attributes = {
				LastSwiftUpdateCheck = 0830;
				LastUpgradeCheck = 1000;
				ORGANIZATIONNAME = "Imortal Apps";
				TargetAttributes = {
					BBBDD6951E92F04E00FBC583 = {
						CreatedOnToolsVersion = 8.3;
						DevelopmentTeam = CHA2LYGQ69;
						LastSwiftMigration = 1000;
						ProvisioningStyle = Automatic;
					};
					BBBDD6A91E92F04E00FBC583 = {
						CreatedOnToolsVersion = 8.3;
						DevelopmentTeam = CHA2LYGQ69;
						LastSwiftMigration = 1000;
						ProvisioningStyle = Automatic;
						TestTargetID = BBBDD6951E92F04E00FBC583;
					};
					BBBDD6B41E92F04E00FBC583 = {
						CreatedOnToolsVersion = 8.3;
						LastSwiftMigration = 1000;
						ProvisioningStyle = Automatic;
						TestTargetID = BBBDD6951E92F04E00FBC583;
					};
				};
			};
			buildConfigurationList = BBBDD6911E92F04E00FBC583 /* Build configuration list for PBXProject "BoulderingGuides" */;
			compatibilityVersion = "Xcode 3.2";
			developmentRegion = English;
			hasScannedForEncodings = 0;
			knownRegions = (
				en,
				Base,
			);
			mainGroup = BBBDD68D1E92F04E00FBC583;
			productRefGroup = BBBDD6971E92F04E00FBC583 /* Products */;
			projectDirPath = "";
			projectRoot = "";
			targets = (
				BBBDD6951E92F04E00FBC583 /* BoulderingGuides */,
				BBBDD6A91E92F04E00FBC583 /* BoulderingGuidesTests */,
				BBBDD6B41E92F04E00FBC583 /* BoulderingGuidesUITests */,
			);
		};
/* End PBXProject section */

/* Begin PBXResourcesBuildPhase section */
		BBBDD6941E92F04E00FBC583 /* Resources */ = {
			isa = PBXResourcesBuildPhase;
			buildActionMask = 2147483647;
			files = (
				BB3CEC8520A89F57006E2BD4 /* Mr Ed.png in Resources */,
				BBF7C9B220B0BC0C00BAE2CF /* Boot Flake.png in Resources */,
				BBEF92DF1EE3730500E1781A /* RouteView.xib in Resources */,
				BBA3C86B1E9EDC4F0037ED09 /* The Falcon.jpg in Resources */,
				BBA3C8641E9E7BAA0037ED09 /* swiss_cheese.jpg in Resources */,
				BB1B790B1EE33D66009AF545 /* Zacks Roof.jpg in Resources */,
				BBF7C9A620B0AA9200BAE2CF /* Spiral Traverse.png in Resources */,
				BB3CEC7F20A88CDA006E2BD4 /* Teflon Boulder.png in Resources */,
				BBEF92C91EE370D200E1781A /* BoulderView.xib in Resources */,
				BBF7C9B620B0C23100BAE2CF /* Slant Rock Face.png in Resources */,
				BB33C2FD218F72FB0025371D /* Hero Roof.png in Resources */,
				BB0606BD20B0756500B465F1 /* Ummagumma.png in Resources */,
				BB33C34121922F8E0025371D /* better_bold_than_old.png in Resources */,
				BB3CEC7D20A88B9B006E2BD4 /* Teflon President.png in Resources */,
				BBF7C9BA20B0C4A200BAE2CF /* Pile Ups.png in Resources */,
				BBEF92DD1EE372D400E1781A /* RoutesView.xib in Resources */,
				BBEF92CD1EE3715A00E1781A /* ClusterView.xib in Resources */,
				BB33C3452192324A0025371D /* opposition_movement.png in Resources */,
				BB0606C720B09B9200B465F1 /* Mommys Boy Center.png in Resources */,
				BB33C2F4218F48B90025371D /* list@2x.png in Resources */,
				BBEF92D31EE371FE00E1781A /* MapView.xib in Resources */,
				BBD90A4C2179717600BC0B9A /* Celestial Trail.jpg in Resources */,
				BBA3C86F1E9EE8B50037ED09 /* Eriksson Problem.jpg in Resources */,
				BB3CEC8320A88ECC006E2BD4 /* Teflon Arete.png in Resources */,
				BB33C348219232F70025371D /* unnamed_1.png in Resources */,
				BBF7C9AC20B0B79400BAE2CF /* Chouinards Slab.png in Resources */,
				BBF7C9B420B0BDF000BAE2CF /* Slant Rock.png in Resources */,
				BB33C34F2192358F0025371D /* holy_water_boulder.png in Resources */,
				BB33C34D219234C80025371D /* the_refigerator.png in Resources */,
				BB0606C320B0985400B465F1 /* Mommys Boys.png in Resources */,
				BB33C2FB218F4A840025371D /* location.png in Resources */,
				BB3CEC8B20A8D176006E2BD4 /* AreaView.xib in Resources */,
				BB33C2F3218F48B90025371D /* list.png in Resources */,
				BB0606C120B0911300B465F1 /* Boulder Behind Ummagumma.png in Resources */,
				BB1B79091EE3341C009AF545 /* Sword of Damocles.jpg in Resources */,
				BB90B481217AC3E500DBECE4 /* Western Round Up.jpg in Resources */,
				BB33C33D21922E400025371D /* and_the_holy_spirit_amen.png in Resources */,
				BBA3C8691E9EA2A40037ED09 /* Unknown2.jpg in Resources */,
				BBF7C9B020B0BB5900BAE2CF /* Boulder 1.png in Resources */,
				BB33C2F5218F48B90025371D /* list@3x.png in Resources */,
				BBD23F6921782991006B08E8 /* Burning Rubber Necklace.jpg in Resources */,
				BB1B79051EE32F07009AF545 /* Thin Crack.jpg in Resources */,
				BB3CEC8120A88E00006E2BD4 /* Not Teflon President.png in Resources */,
				BB3CEC8920A8A314006E2BD4 /* Horse Farts.png in Resources */,
				BB33C34B2192340D0025371D /* defroster.png in Resources */,
				BBF7C9B820B0C3DC00BAE2CF /* Slant Flake.png in Resources */,
				BB1B790F1EE34319009AF545 /* The Great Curve.jpg in Resources */,
				BB33C2FF218F94AF0025371D /* iron_man_traverse.png in Resources */,
				BB90B47B217AC0E200DBECE4 /* Unnamed.jpg in Resources */,
				BB33C33F21922F150025371D /* arbor_days.png in Resources */,
				BBF7C9A420B0A50000BAE2CF /* Pocket Traverse.png in Resources */,
				BBF7C9AE20B0B9EF00BAE2CF /* Slap.png in Resources */,
				BBEF92D11EE371CC00E1781A /* MainTableView.xib in Resources */,
				BB33C343219230190025371D /* y_crack.png in Resources */,
				BBBDD6A41E92F04E00FBC583 /* LaunchScreen.storyboard in Resources */,
				BBA3C8671E9E9EF70037ED09 /* golf_boulder.jpg in Resources */,
				BBBDD6CC1E92F85300FBC583 /* Areas.json in Resources */,
				BB3CEC8720A8A0F3006E2BD4 /* Credit Card Lover.png in Resources */,
				BB3CEC7920A88879006E2BD4 /* adams_rib.png in Resources */,
				BB3CEC7B20A88A8E006E2BD4 /* rhythym_and_the_heat.png in Resources */,
				BB0606C920B09D2B00B465F1 /* Mommys Boy Right.png in Resources */,
				BBEF92E51EE3740200E1781A /* TabBar.xib in Resources */,
				BB90B47D217AC1CC00DBECE4 /* Warm Up.jpg in Resources */,
				BB1B79071EE330A3009AF545 /* Barndoor Arete.jpg in Resources */,
				BBD90A4D2179717600BC0B9A /* Comfort of Home.jpg in Resources */,
				BBBDD6A11E92F04E00FBC583 /* Assets.xcassets in Resources */,
				BB0606CB20B0A0A300B465F1 /* Yabo Dyno.png in Resources */,
				BB33C2F9218F4A840025371D /* location@2x.png in Resources */,
				BBF7C9AA20B0B5AD00BAE2CF /* Borealis.png in Resources */,
				BB33C2FA218F4A840025371D /* location@3x.png in Resources */,
				BB90B47F217AC2E500DBECE4 /* Happy Hooker.jpg in Resources */,
				BB33C349219232F70025371D /* unnamed_2.png in Resources */,
				BBF7C9A820B0B22A00BAE2CF /* Spiral Direct.png in Resources */,
				BB0606C520B09A3700B465F1 /* Mommys Boy Left.png in Resources */,
				BB1B790D1EE33FB4009AF545 /* Victor Boulder.jpg in Resources */,
				BB0606BF20B0874200B465F1 /* Face Problem.png in Resources */,
			);
			runOnlyForDeploymentPostprocessing = 0;
		};
		BBBDD6A81E92F04E00FBC583 /* Resources */ = {
			isa = PBXResourcesBuildPhase;
			buildActionMask = 2147483647;
			files = (
			);
			runOnlyForDeploymentPostprocessing = 0;
		};
		BBBDD6B31E92F04E00FBC583 /* Resources */ = {
			isa = PBXResourcesBuildPhase;
			buildActionMask = 2147483647;
			files = (
			);
			runOnlyForDeploymentPostprocessing = 0;
		};
/* End PBXResourcesBuildPhase section */

/* Begin PBXSourcesBuildPhase section */
		BBBDD6921E92F04E00FBC583 /* Sources */ = {
			isa = PBXSourcesBuildPhase;
			buildActionMask = 2147483647;
			files = (
				BBEF92CB1EE3710F00E1781A /* BoulderViewController.swift in Sources */,
				BBEF92E71EE3743F00E1781A /* TabBarController.swift in Sources */,
				BBEF92BF1EE36F7B00E1781A /* Boulder.swift in Sources */,
				BBEF92E31EE373D300E1781A /* RouteViewController.swift in Sources */,
				BBEF92D51EE3720D00E1781A /* MainTableViewController.swift in Sources */,
				BBEF92C51EE36FFD00E1781A /* RouteTableViewCell.swift in Sources */,
				BBEF92C31EE36FC100E1781A /* Route.swift in Sources */,
				BBEF92E11EE3737100E1781A /* RoutesViewController.swift in Sources */,
				BBEF92CF1EE3719200E1781A /* ClusterViewController.swift in Sources */,
				BBBDD69A1E92F04E00FBC583 /* AppDelegate.swift in Sources */,
				BBEF92BB1EE36F0F00E1781A /* Areas.swift in Sources */,
				BBEF92C11EE36FA000E1781A /* Cluster.swift in Sources */,
				BBEF92D71EE3724B00E1781A /* NavigationMapViewController.swift in Sources */,
				BB3CEC8D20A8D1A2006E2BD4 /* AreaViewController.swift in Sources */,
				BBEF92C71EE370A300E1781A /* AreaMapViewController.swift in Sources */,
				BBEF92BD1EE36F5800E1781A /* Area.swift in Sources */,
				BBEF92D91EE3726F00E1781A /* MapViewController.swift in Sources */,
			);
			runOnlyForDeploymentPostprocessing = 0;
		};
		BBBDD6A61E92F04E00FBC583 /* Sources */ = {
			isa = PBXSourcesBuildPhase;
			buildActionMask = 2147483647;
			files = (
				BBEC0BFF1E9D90A100FB1EE6 /* AreaTest.swift in Sources */,
				BBBDD6DA1E969CB100FBC583 /* ClusterTest.swift in Sources */,
				BBEC0BEE1E9D567900FB1EE6 /* RouteTest.swift in Sources */,
				BBEC0BF01E9D5C7600FB1EE6 /* BoulderViewControllerTest.swift in Sources */,
				BBBDD6D01E93062500FBC583 /* AreasTest.swift in Sources */,
			);
			runOnlyForDeploymentPostprocessing = 0;
		};
		BBBDD6B11E92F04E00FBC583 /* Sources */ = {
			isa = PBXSourcesBuildPhase;
			buildActionMask = 2147483647;
			files = (
				BBBDD6BA1E92F04E00FBC583 /* BoulderingGuidesUITests.swift in Sources */,
			);
			runOnlyForDeploymentPostprocessing = 0;
		};
/* End PBXSourcesBuildPhase section */

/* Begin PBXTargetDependency section */
		BBBDD6AC1E92F04E00FBC583 /* PBXTargetDependency */ = {
			isa = PBXTargetDependency;
			target = BBBDD6951E92F04E00FBC583 /* BoulderingGuides */;
			targetProxy = BBBDD6AB1E92F04E00FBC583 /* PBXContainerItemProxy */;
		};
		BBBDD6B71E92F04E00FBC583 /* PBXTargetDependency */ = {
			isa = PBXTargetDependency;
			target = BBBDD6951E92F04E00FBC583 /* BoulderingGuides */;
			targetProxy = BBBDD6B61E92F04E00FBC583 /* PBXContainerItemProxy */;
		};
/* End PBXTargetDependency section */

/* Begin PBXVariantGroup section */
		BBBDD6A21E92F04E00FBC583 /* LaunchScreen.storyboard */ = {
			isa = PBXVariantGroup;
			children = (
				BBBDD6A31E92F04E00FBC583 /* Base */,
			);
			name = LaunchScreen.storyboard;
			sourceTree = "<group>";
		};
/* End PBXVariantGroup section */

/* Begin XCBuildConfiguration section */
		BBBDD6BC1E92F04E00FBC583 /* Debug */ = {
			isa = XCBuildConfiguration;
			buildSettings = {
				ALWAYS_SEARCH_USER_PATHS = NO;
				CLANG_ANALYZER_NONNULL = YES;
				CLANG_ANALYZER_NUMBER_OBJECT_CONVERSION = YES_AGGRESSIVE;
				CLANG_CXX_LANGUAGE_STANDARD = "gnu++0x";
				CLANG_CXX_LIBRARY = "libc++";
				CLANG_ENABLE_MODULES = YES;
				CLANG_ENABLE_OBJC_ARC = YES;
				CLANG_WARN_BLOCK_CAPTURE_AUTORELEASING = YES;
				CLANG_WARN_BOOL_CONVERSION = YES;
				CLANG_WARN_COMMA = YES;
				CLANG_WARN_CONSTANT_CONVERSION = YES;
				CLANG_WARN_DEPRECATED_OBJC_IMPLEMENTATIONS = YES;
				CLANG_WARN_DIRECT_OBJC_ISA_USAGE = YES_ERROR;
				CLANG_WARN_DOCUMENTATION_COMMENTS = YES;
				CLANG_WARN_EMPTY_BODY = YES;
				CLANG_WARN_ENUM_CONVERSION = YES;
				CLANG_WARN_INFINITE_RECURSION = YES;
				CLANG_WARN_INT_CONVERSION = YES;
				CLANG_WARN_NON_LITERAL_NULL_CONVERSION = YES;
				CLANG_WARN_OBJC_IMPLICIT_RETAIN_SELF = YES;
				CLANG_WARN_OBJC_LITERAL_CONVERSION = YES;
				CLANG_WARN_OBJC_ROOT_CLASS = YES_ERROR;
				CLANG_WARN_RANGE_LOOP_ANALYSIS = YES;
				CLANG_WARN_STRICT_PROTOTYPES = YES;
				CLANG_WARN_SUSPICIOUS_MOVE = YES;
				CLANG_WARN_UNREACHABLE_CODE = YES;
				CLANG_WARN__DUPLICATE_METHOD_MATCH = YES;
				"CODE_SIGN_IDENTITY[sdk=iphoneos*]" = "iPhone Developer";
				COPY_PHASE_STRIP = NO;
				DEBUG_INFORMATION_FORMAT = dwarf;
				ENABLE_STRICT_OBJC_MSGSEND = YES;
				ENABLE_TESTABILITY = YES;
				GCC_C_LANGUAGE_STANDARD = gnu99;
				GCC_DYNAMIC_NO_PIC = NO;
				GCC_NO_COMMON_BLOCKS = YES;
				GCC_OPTIMIZATION_LEVEL = 0;
				GCC_PREPROCESSOR_DEFINITIONS = (
					"DEBUG=1",
					"$(inherited)",
				);
				GCC_WARN_64_TO_32_BIT_CONVERSION = YES;
				GCC_WARN_ABOUT_RETURN_TYPE = YES_ERROR;
				GCC_WARN_UNDECLARED_SELECTOR = YES;
				GCC_WARN_UNINITIALIZED_AUTOS = YES_AGGRESSIVE;
				GCC_WARN_UNUSED_FUNCTION = YES;
				GCC_WARN_UNUSED_VARIABLE = YES;
				IPHONEOS_DEPLOYMENT_TARGET = 12.0;
				MTL_ENABLE_DEBUG_INFO = YES;
				ONLY_ACTIVE_ARCH = YES;
				SDKROOT = iphoneos;
				SWIFT_ACTIVE_COMPILATION_CONDITIONS = DEBUG;
				SWIFT_OPTIMIZATION_LEVEL = "-Onone";
			};
			name = Debug;
		};
		BBBDD6BD1E92F04E00FBC583 /* Release */ = {
			isa = XCBuildConfiguration;
			buildSettings = {
				ALWAYS_SEARCH_USER_PATHS = NO;
				CLANG_ANALYZER_NONNULL = YES;
				CLANG_ANALYZER_NUMBER_OBJECT_CONVERSION = YES_AGGRESSIVE;
				CLANG_CXX_LANGUAGE_STANDARD = "gnu++0x";
				CLANG_CXX_LIBRARY = "libc++";
				CLANG_ENABLE_MODULES = YES;
				CLANG_ENABLE_OBJC_ARC = YES;
				CLANG_WARN_BLOCK_CAPTURE_AUTORELEASING = YES;
				CLANG_WARN_BOOL_CONVERSION = YES;
				CLANG_WARN_COMMA = YES;
				CLANG_WARN_CONSTANT_CONVERSION = YES;
				CLANG_WARN_DEPRECATED_OBJC_IMPLEMENTATIONS = YES;
				CLANG_WARN_DIRECT_OBJC_ISA_USAGE = YES_ERROR;
				CLANG_WARN_DOCUMENTATION_COMMENTS = YES;
				CLANG_WARN_EMPTY_BODY = YES;
				CLANG_WARN_ENUM_CONVERSION = YES;
				CLANG_WARN_INFINITE_RECURSION = YES;
				CLANG_WARN_INT_CONVERSION = YES;
				CLANG_WARN_NON_LITERAL_NULL_CONVERSION = YES;
				CLANG_WARN_OBJC_IMPLICIT_RETAIN_SELF = YES;
				CLANG_WARN_OBJC_LITERAL_CONVERSION = YES;
				CLANG_WARN_OBJC_ROOT_CLASS = YES_ERROR;
				CLANG_WARN_RANGE_LOOP_ANALYSIS = YES;
				CLANG_WARN_STRICT_PROTOTYPES = YES;
				CLANG_WARN_SUSPICIOUS_MOVE = YES;
				CLANG_WARN_UNREACHABLE_CODE = YES;
				CLANG_WARN__DUPLICATE_METHOD_MATCH = YES;
				"CODE_SIGN_IDENTITY[sdk=iphoneos*]" = "iPhone Developer";
				COPY_PHASE_STRIP = NO;
				DEBUG_INFORMATION_FORMAT = "dwarf-with-dsym";
				ENABLE_NS_ASSERTIONS = NO;
				ENABLE_STRICT_OBJC_MSGSEND = YES;
				GCC_C_LANGUAGE_STANDARD = gnu99;
				GCC_NO_COMMON_BLOCKS = YES;
				GCC_WARN_64_TO_32_BIT_CONVERSION = YES;
				GCC_WARN_ABOUT_RETURN_TYPE = YES_ERROR;
				GCC_WARN_UNDECLARED_SELECTOR = YES;
				GCC_WARN_UNINITIALIZED_AUTOS = YES_AGGRESSIVE;
				GCC_WARN_UNUSED_FUNCTION = YES;
				GCC_WARN_UNUSED_VARIABLE = YES;
				IPHONEOS_DEPLOYMENT_TARGET = 12.0;
				MTL_ENABLE_DEBUG_INFO = NO;
				SDKROOT = iphoneos;
				SWIFT_OPTIMIZATION_LEVEL = "-Owholemodule";
				VALIDATE_PRODUCT = YES;
			};
			name = Release;
		};
		BBBDD6BF1E92F04E00FBC583 /* Debug */ = {
			isa = XCBuildConfiguration;
			buildSettings = {
				ASSETCATALOG_COMPILER_APPICON_NAME = AppIcon;
				DEVELOPMENT_TEAM = CHA2LYGQ69;
				INFOPLIST_FILE = BoulderingGuides/Info.plist;
				IPHONEOS_DEPLOYMENT_TARGET = 10.0;
				LD_RUNPATH_SEARCH_PATHS = "$(inherited) @executable_path/Frameworks";
				PRODUCT_BUNDLE_IDENTIFIER = imortal.BoulderingGuides;
				PRODUCT_NAME = "$(TARGET_NAME)";
				SWIFT_SWIFT3_OBJC_INFERENCE = On;
				SWIFT_VERSION = 4.2;
			};
			name = Debug;
		};
		BBBDD6C01E92F04E00FBC583 /* Release */ = {
			isa = XCBuildConfiguration;
			buildSettings = {
				ASSETCATALOG_COMPILER_APPICON_NAME = AppIcon;
				DEVELOPMENT_TEAM = CHA2LYGQ69;
				INFOPLIST_FILE = BoulderingGuides/Info.plist;
				IPHONEOS_DEPLOYMENT_TARGET = 10.0;
				LD_RUNPATH_SEARCH_PATHS = "$(inherited) @executable_path/Frameworks";
				PRODUCT_BUNDLE_IDENTIFIER = imortal.BoulderingGuides;
				PRODUCT_NAME = "$(TARGET_NAME)";
				SWIFT_SWIFT3_OBJC_INFERENCE = On;
				SWIFT_VERSION = 4.2;
			};
			name = Release;
		};
		BBBDD6C21E92F04E00FBC583 /* Debug */ = {
			isa = XCBuildConfiguration;
			buildSettings = {
				ALWAYS_EMBED_SWIFT_STANDARD_LIBRARIES = YES;
				BUNDLE_LOADER = "$(TEST_HOST)";
				DEVELOPMENT_TEAM = CHA2LYGQ69;
				INFOPLIST_FILE = BoulderingGuidesTests/Info.plist;
				LD_RUNPATH_SEARCH_PATHS = "$(inherited) @executable_path/Frameworks @loader_path/Frameworks";
				PRODUCT_BUNDLE_IDENTIFIER = imortal.BoulderingGuidesTests;
				PRODUCT_NAME = "$(TARGET_NAME)";
				SWIFT_SWIFT3_OBJC_INFERENCE = On;
				SWIFT_VERSION = 4.2;
				TEST_HOST = "$(BUILT_PRODUCTS_DIR)/BoulderingGuides.app/BoulderingGuides";
			};
			name = Debug;
		};
		BBBDD6C31E92F04E00FBC583 /* Release */ = {
			isa = XCBuildConfiguration;
			buildSettings = {
				ALWAYS_EMBED_SWIFT_STANDARD_LIBRARIES = YES;
				BUNDLE_LOADER = "$(TEST_HOST)";
				DEVELOPMENT_TEAM = CHA2LYGQ69;
				INFOPLIST_FILE = BoulderingGuidesTests/Info.plist;
				LD_RUNPATH_SEARCH_PATHS = "$(inherited) @executable_path/Frameworks @loader_path/Frameworks";
				PRODUCT_BUNDLE_IDENTIFIER = imortal.BoulderingGuidesTests;
				PRODUCT_NAME = "$(TARGET_NAME)";
				SWIFT_SWIFT3_OBJC_INFERENCE = On;
				SWIFT_VERSION = 4.2;
				TEST_HOST = "$(BUILT_PRODUCTS_DIR)/BoulderingGuides.app/BoulderingGuides";
			};
			name = Release;
		};
		BBBDD6C51E92F04E00FBC583 /* Debug */ = {
			isa = XCBuildConfiguration;
			buildSettings = {
				ALWAYS_EMBED_SWIFT_STANDARD_LIBRARIES = YES;
				INFOPLIST_FILE = BoulderingGuidesUITests/Info.plist;
				LD_RUNPATH_SEARCH_PATHS = "$(inherited) @executable_path/Frameworks @loader_path/Frameworks";
				PRODUCT_BUNDLE_IDENTIFIER = imortal.BoulderingGuidesUITests;
				PRODUCT_NAME = "$(TARGET_NAME)";
				SWIFT_SWIFT3_OBJC_INFERENCE = On;
				SWIFT_VERSION = 4.2;
				TEST_TARGET_NAME = BoulderingGuides;
			};
			name = Debug;
		};
		BBBDD6C61E92F04E00FBC583 /* Release */ = {
			isa = XCBuildConfiguration;
			buildSettings = {
				ALWAYS_EMBED_SWIFT_STANDARD_LIBRARIES = YES;
				INFOPLIST_FILE = BoulderingGuidesUITests/Info.plist;
				LD_RUNPATH_SEARCH_PATHS = "$(inherited) @executable_path/Frameworks @loader_path/Frameworks";
				PRODUCT_BUNDLE_IDENTIFIER = imortal.BoulderingGuidesUITests;
				PRODUCT_NAME = "$(TARGET_NAME)";
				SWIFT_SWIFT3_OBJC_INFERENCE = On;
				SWIFT_VERSION = 4.2;
				TEST_TARGET_NAME = BoulderingGuides;
			};
			name = Release;
		};
/* End XCBuildConfiguration section */

/* Begin XCConfigurationList section */
		BBBDD6911E92F04E00FBC583 /* Build configuration list for PBXProject "BoulderingGuides" */ = {
			isa = XCConfigurationList;
			buildConfigurations = (
				BBBDD6BC1E92F04E00FBC583 /* Debug */,
				BBBDD6BD1E92F04E00FBC583 /* Release */,
			);
			defaultConfigurationIsVisible = 0;
			defaultConfigurationName = Release;
		};
		BBBDD6BE1E92F04E00FBC583 /* Build configuration list for PBXNativeTarget "BoulderingGuides" */ = {
			isa = XCConfigurationList;
			buildConfigurations = (
				BBBDD6BF1E92F04E00FBC583 /* Debug */,
				BBBDD6C01E92F04E00FBC583 /* Release */,
			);
			defaultConfigurationIsVisible = 0;
			defaultConfigurationName = Release;
		};
		BBBDD6C11E92F04E00FBC583 /* Build configuration list for PBXNativeTarget "BoulderingGuidesTests" */ = {
			isa = XCConfigurationList;
			buildConfigurations = (
				BBBDD6C21E92F04E00FBC583 /* Debug */,
				BBBDD6C31E92F04E00FBC583 /* Release */,
			);
			defaultConfigurationIsVisible = 0;
			defaultConfigurationName = Release;
		};
		BBBDD6C41E92F04E00FBC583 /* Build configuration list for PBXNativeTarget "BoulderingGuidesUITests" */ = {
			isa = XCConfigurationList;
			buildConfigurations = (
				BBBDD6C51E92F04E00FBC583 /* Debug */,
				BBBDD6C61E92F04E00FBC583 /* Release */,
			);
			defaultConfigurationIsVisible = 0;
			defaultConfigurationName = Release;
		};
/* End XCConfigurationList section */
	};
	rootObject = BBBDD68E1E92F04E00FBC583 /* Project object */;
}
